// !$*UTF8*$!
{
	archiveVersion = 1;
	classes = {
	};
	objectVersion = 55;
	objects = {

/* Begin PBXBuildFile section */
		C6AF8B0027286361009875EF /* AppDelegate.swift in Sources */ = {isa = PBXBuildFile; fileRef = C6AF8AFF27286361009875EF /* AppDelegate.swift */; };
		C6AF8B0227286361009875EF /* SceneDelegate.swift in Sources */ = {isa = PBXBuildFile; fileRef = C6AF8B0127286361009875EF /* SceneDelegate.swift */; };
		C6AF8B0427286361009875EF /* ViewController.swift in Sources */ = {isa = PBXBuildFile; fileRef = C6AF8B0327286361009875EF /* ViewController.swift */; };
		C6AF8B0727286361009875EF /* Main.storyboard in Resources */ = {isa = PBXBuildFile; fileRef = C6AF8B0527286361009875EF /* Main.storyboard */; };
		C6AF8B0927286363009875EF /* Assets.xcassets in Resources */ = {isa = PBXBuildFile; fileRef = C6AF8B0827286363009875EF /* Assets.xcassets */; };
		C6AF8B0C27286363009875EF /* LaunchScreen.storyboard in Resources */ = {isa = PBXBuildFile; fileRef = C6AF8B0A27286363009875EF /* LaunchScreen.storyboard */; };
		C6AF8B1727286363009875EF /* HamadHarisi_AppleCake_Lab14Tests.swift in Sources */ = {isa = PBXBuildFile; fileRef = C6AF8B1627286363009875EF /* HamadHarisi_AppleCake_Lab14Tests.swift */; };
		C6AF8B2127286363009875EF /* HamadHarisi_AppleCake_Lab14UITests.swift in Sources */ = {isa = PBXBuildFile; fileRef = C6AF8B2027286363009875EF /* HamadHarisi_AppleCake_Lab14UITests.swift */; };
		C6AF8B2327286363009875EF /* HamadHarisi_AppleCake_Lab14UITestsLaunchTests.swift in Sources */ = {isa = PBXBuildFile; fileRef = C6AF8B2227286363009875EF /* HamadHarisi_AppleCake_Lab14UITestsLaunchTests.swift */; };
/* End PBXBuildFile section */

/* Begin PBXContainerItemProxy section */
		C6AF8B1327286363009875EF /* PBXContainerItemProxy */ = {
			isa = PBXContainerItemProxy;
			containerPortal = C6AF8AF427286361009875EF /* Project object */;
			proxyType = 1;
			remoteGlobalIDString = C6AF8AFB27286361009875EF;
			remoteInfo = HamadHarisi_AppleCake_Lab14;
		};
		C6AF8B1D27286363009875EF /* PBXContainerItemProxy */ = {
			isa = PBXContainerItemProxy;
			containerPortal = C6AF8AF427286361009875EF /* Project object */;
			proxyType = 1;
			remoteGlobalIDString = C6AF8AFB27286361009875EF;
			remoteInfo = HamadHarisi_AppleCake_Lab14;
		};
/* End PBXContainerItemProxy section */

/* Begin PBXFileReference section */
		C6AF8AFC27286361009875EF /* HamadHarisi_AppleCake_Lab14.app */ = {isa = PBXFileReference; explicitFileType = wrapper.application; includeInIndex = 0; path = HamadHarisi_AppleCake_Lab14.app; sourceTree = BUILT_PRODUCTS_DIR; };
		C6AF8AFF27286361009875EF /* AppDelegate.swift */ = {isa = PBXFileReference; lastKnownFileType = sourcecode.swift; path = AppDelegate.swift; sourceTree = "<group>"; };
		C6AF8B0127286361009875EF /* SceneDelegate.swift */ = {isa = PBXFileReference; lastKnownFileType = sourcecode.swift; path = SceneDelegate.swift; sourceTree = "<group>"; };
		C6AF8B0327286361009875EF /* ViewController.swift */ = {isa = PBXFileReference; lastKnownFileType = sourcecode.swift; path = ViewController.swift; sourceTree = "<group>"; };
		C6AF8B0627286361009875EF /* Base */ = {isa = PBXFileReference; lastKnownFileType = file.storyboard; name = Base; path = Base.lproj/Main.storyboard; sourceTree = "<group>"; };
		C6AF8B0827286363009875EF /* Assets.xcassets */ = {isa = PBXFileReference; lastKnownFileType = folder.assetcatalog; path = Assets.xcassets; sourceTree = "<group>"; };
		C6AF8B0B27286363009875EF /* Base */ = {isa = PBXFileReference; lastKnownFileType = file.storyboard; name = Base; path = Base.lproj/LaunchScreen.storyboard; sourceTree = "<group>"; };
		C6AF8B0D27286363009875EF /* Info.plist */ = {isa = PBXFileReference; lastKnownFileType = text.plist.xml; path = Info.plist; sourceTree = "<group>"; };
		C6AF8B1227286363009875EF /* HamadHarisi_AppleCake_Lab14Tests.xctest */ = {isa = PBXFileReference; explicitFileType = wrapper.cfbundle; includeInIndex = 0; path = HamadHarisi_AppleCake_Lab14Tests.xctest; sourceTree = BUILT_PRODUCTS_DIR; };
		C6AF8B1627286363009875EF /* HamadHarisi_AppleCake_Lab14Tests.swift */ = {isa = PBXFileReference; lastKnownFileType = sourcecode.swift; path = HamadHarisi_AppleCake_Lab14Tests.swift; sourceTree = "<group>"; };
		C6AF8B1C27286363009875EF /* HamadHarisi_AppleCake_Lab14UITests.xctest */ = {isa = PBXFileReference; explicitFileType = wrapper.cfbundle; includeInIndex = 0; path = HamadHarisi_AppleCake_Lab14UITests.xctest; sourceTree = BUILT_PRODUCTS_DIR; };
		C6AF8B2027286363009875EF /* HamadHarisi_AppleCake_Lab14UITests.swift */ = {isa = PBXFileReference; lastKnownFileType = sourcecode.swift; path = HamadHarisi_AppleCake_Lab14UITests.swift; sourceTree = "<group>"; };
		C6AF8B2227286363009875EF /* HamadHarisi_AppleCake_Lab14UITestsLaunchTests.swift */ = {isa = PBXFileReference; lastKnownFileType = sourcecode.swift; path = HamadHarisi_AppleCake_Lab14UITestsLaunchTests.swift; sourceTree = "<group>"; };
/* End PBXFileReference section */

/* Begin PBXFrameworksBuildPhase section */
		C6AF8AF927286361009875EF /* Frameworks */ = {
			isa = PBXFrameworksBuildPhase;
			buildActionMask = 2147483647;
			files = (
			);
			runOnlyForDeploymentPostprocessing = 0;
		};
		C6AF8B0F27286363009875EF /* Frameworks */ = {
			isa = PBXFrameworksBuildPhase;
			buildActionMask = 2147483647;
			files = (
			);
			runOnlyForDeploymentPostprocessing = 0;
		};
		C6AF8B1927286363009875EF /* Frameworks */ = {
			isa = PBXFrameworksBuildPhase;
			buildActionMask = 2147483647;
			files = (
			);
			runOnlyForDeploymentPostprocessing = 0;
		};
/* End PBXFrameworksBuildPhase section */

/* Begin PBXGroup section */
		C6AF8AF327286361009875EF = {
			isa = PBXGroup;
			children = (
				C6AF8AFE27286361009875EF /* HamadHarisi_AppleCake_Lab14 */,
				C6AF8B1527286363009875EF /* HamadHarisi_AppleCake_Lab14Tests */,
				C6AF8B1F27286363009875EF /* HamadHarisi_AppleCake_Lab14UITests */,
				C6AF8AFD27286361009875EF /* Products */,
			);
			sourceTree = "<group>";
		};
		C6AF8AFD27286361009875EF /* Products */ = {
			isa = PBXGroup;
			children = (
				C6AF8AFC27286361009875EF /* HamadHarisi_AppleCake_Lab14.app */,
				C6AF8B1227286363009875EF /* HamadHarisi_AppleCake_Lab14Tests.xctest */,
				C6AF8B1C27286363009875EF /* HamadHarisi_AppleCake_Lab14UITests.xctest */,
			);
			name = Products;
			sourceTree = "<group>";
		};
		C6AF8AFE27286361009875EF /* HamadHarisi_AppleCake_Lab14 */ = {
			isa = PBXGroup;
			children = (
				C6AF8AFF27286361009875EF /* AppDelegate.swift */,
				C6AF8B0127286361009875EF /* SceneDelegate.swift */,
				C6AF8B0327286361009875EF /* ViewController.swift */,
				C6AF8B0527286361009875EF /* Main.storyboard */,
				C6AF8B0827286363009875EF /* Assets.xcassets */,
				C6AF8B0A27286363009875EF /* LaunchScreen.storyboard */,
				C6AF8B0D27286363009875EF /* Info.plist */,
			);
			path = HamadHarisi_AppleCake_Lab14;
			sourceTree = "<group>";
		};
		C6AF8B1527286363009875EF /* HamadHarisi_AppleCake_Lab14Tests */ = {
			isa = PBXGroup;
			children = (
				C6AF8B1627286363009875EF /* HamadHarisi_AppleCake_Lab14Tests.swift */,
			);
			path = HamadHarisi_AppleCake_Lab14Tests;
			sourceTree = "<group>";
		};
		C6AF8B1F27286363009875EF /* HamadHarisi_AppleCake_Lab14UITests */ = {
			isa = PBXGroup;
			children = (
				C6AF8B2027286363009875EF /* HamadHarisi_AppleCake_Lab14UITests.swift */,
				C6AF8B2227286363009875EF /* HamadHarisi_AppleCake_Lab14UITestsLaunchTests.swift */,
			);
			path = HamadHarisi_AppleCake_Lab14UITests;
			sourceTree = "<group>";
		};
/* End PBXGroup section */

/* Begin PBXNativeTarget section */
		C6AF8AFB27286361009875EF /* HamadHarisi_AppleCake_Lab14 */ = {
			isa = PBXNativeTarget;
			buildConfigurationList = C6AF8B2627286363009875EF /* Build configuration list for PBXNativeTarget "HamadHarisi_AppleCake_Lab14" */;
			buildPhases = (
				C6AF8AF827286361009875EF /* Sources */,
				C6AF8AF927286361009875EF /* Frameworks */,
				C6AF8AFA27286361009875EF /* Resources */,
			);
			buildRules = (
			);
			dependencies = (
			);
			name = HamadHarisi_AppleCake_Lab14;
			productName = HamadHarisi_AppleCake_Lab14;
			productReference = C6AF8AFC27286361009875EF /* HamadHarisi_AppleCake_Lab14.app */;
			productType = "com.apple.product-type.application";
		};
		C6AF8B1127286363009875EF /* HamadHarisi_AppleCake_Lab14Tests */ = {
			isa = PBXNativeTarget;
			buildConfigurationList = C6AF8B2927286363009875EF /* Build configuration list for PBXNativeTarget "HamadHarisi_AppleCake_Lab14Tests" */;
			buildPhases = (
				C6AF8B0E27286363009875EF /* Sources */,
				C6AF8B0F27286363009875EF /* Frameworks */,
				C6AF8B1027286363009875EF /* Resources */,
			);
			buildRules = (
			);
			dependencies = (
				C6AF8B1427286363009875EF /* PBXTargetDependency */,
			);
			name = HamadHarisi_AppleCake_Lab14Tests;
			productName = HamadHarisi_AppleCake_Lab14Tests;
			productReference = C6AF8B1227286363009875EF /* HamadHarisi_AppleCake_Lab14Tests.xctest */;
			productType = "com.apple.product-type.bundle.unit-test";
		};
		C6AF8B1B27286363009875EF /* HamadHarisi_AppleCake_Lab14UITests */ = {
			isa = PBXNativeTarget;
			buildConfigurationList = C6AF8B2C27286363009875EF /* Build configuration list for PBXNativeTarget "HamadHarisi_AppleCake_Lab14UITests" */;
			buildPhases = (
				C6AF8B1827286363009875EF /* Sources */,
				C6AF8B1927286363009875EF /* Frameworks */,
				C6AF8B1A27286363009875EF /* Resources */,
			);
			buildRules = (
			);
			dependencies = (
				C6AF8B1E27286363009875EF /* PBXTargetDependency */,
			);
			name = HamadHarisi_AppleCake_Lab14UITests;
			productName = HamadHarisi_AppleCake_Lab14UITests;
			productReference = C6AF8B1C27286363009875EF /* HamadHarisi_AppleCake_Lab14UITests.xctest */;
			productType = "com.apple.product-type.bundle.ui-testing";
		};
/* End PBXNativeTarget section */

/* Begin PBXProject section */
		C6AF8AF427286361009875EF /* Project object */ = {
			isa = PBXProject;
			attributes = {
				BuildIndependentTargetsInParallel = 1;
				LastSwiftUpdateCheck = 1310;
				LastUpgradeCheck = 1310;
				TargetAttributes = {
					C6AF8AFB27286361009875EF = {
						CreatedOnToolsVersion = 13.1;
					};
					C6AF8B1127286363009875EF = {
						CreatedOnToolsVersion = 13.1;
						TestTargetID = C6AF8AFB27286361009875EF;
					};
					C6AF8B1B27286363009875EF = {
						CreatedOnToolsVersion = 13.1;
						TestTargetID = C6AF8AFB27286361009875EF;
					};
				};
			};
			buildConfigurationList = C6AF8AF727286361009875EF /* Build configuration list for PBXProject "HamadHarisi_AppleCake_Lab14" */;
			compatibilityVersion = "Xcode 13.0";
			developmentRegion = en;
			hasScannedForEncodings = 0;
			knownRegions = (
				en,
				Base,
			);
			mainGroup = C6AF8AF327286361009875EF;
			productRefGroup = C6AF8AFD27286361009875EF /* Products */;
			projectDirPath = "";
			projectRoot = "";
			targets = (
				C6AF8AFB27286361009875EF /* HamadHarisi_AppleCake_Lab14 */,
				C6AF8B1127286363009875EF /* HamadHarisi_AppleCake_Lab14Tests */,
				C6AF8B1B27286363009875EF /* HamadHarisi_AppleCake_Lab14UITests */,
			);
		};
/* End PBXProject section */

/* Begin PBXResourcesBuildPhase section */
		C6AF8AFA27286361009875EF /* Resources */ = {
			isa = PBXResourcesBuildPhase;
			buildActionMask = 2147483647;
			files = (
				C6AF8B0C27286363009875EF /* LaunchScreen.storyboard in Resources */,
				C6AF8B0927286363009875EF /* Assets.xcassets in Resources */,
				C6AF8B0727286361009875EF /* Main.storyboard in Resources */,
			);
			runOnlyForDeploymentPostprocessing = 0;
		};
		C6AF8B1027286363009875EF /* Resources */ = {
			isa = PBXResourcesBuildPhase;
			buildActionMask = 2147483647;
			files = (
			);
			runOnlyForDeploymentPostprocessing = 0;
		};
		C6AF8B1A27286363009875EF /* Resources */ = {
			isa = PBXResourcesBuildPhase;
			buildActionMask = 2147483647;
			files = (
			);
			runOnlyForDeploymentPostprocessing = 0;
		};
/* End PBXResourcesBuildPhase section */

/* Begin PBXSourcesBuildPhase section */
		C6AF8AF827286361009875EF /* Sources */ = {
			isa = PBXSourcesBuildPhase;
			buildActionMask = 2147483647;
			files = (
				C6AF8B0427286361009875EF /* ViewController.swift in Sources */,
				C6AF8B0027286361009875EF /* AppDelegate.swift in Sources */,
				C6AF8B0227286361009875EF /* SceneDelegate.swift in Sources */,
			);
			runOnlyForDeploymentPostprocessing = 0;
		};
		C6AF8B0E27286363009875EF /* Sources */ = {
			isa = PBXSourcesBuildPhase;
			buildActionMask = 2147483647;
			files = (
				C6AF8B1727286363009875EF /* HamadHarisi_AppleCake_Lab14Tests.swift in Sources */,
			);
			runOnlyForDeploymentPostprocessing = 0;
		};
		C6AF8B1827286363009875EF /* Sources */ = {
			isa = PBXSourcesBuildPhase;
			buildActionMask = 2147483647;
			files = (
				C6AF8B2327286363009875EF /* HamadHarisi_AppleCake_Lab14UITestsLaunchTests.swift in Sources */,
				C6AF8B2127286363009875EF /* HamadHarisi_AppleCake_Lab14UITests.swift in Sources */,
			);
			runOnlyForDeploymentPostprocessing = 0;
		};
/* End PBXSourcesBuildPhase section */

/* Begin PBXTargetDependency section */
		C6AF8B1427286363009875EF /* PBXTargetDependency */ = {
			isa = PBXTargetDependency;
			target = C6AF8AFB27286361009875EF /* HamadHarisi_AppleCake_Lab14 */;
			targetProxy = C6AF8B1327286363009875EF /* PBXContainerItemProxy */;
		};
		C6AF8B1E27286363009875EF /* PBXTargetDependency */ = {
			isa = PBXTargetDependency;
			target = C6AF8AFB27286361009875EF /* HamadHarisi_AppleCake_Lab14 */;
			targetProxy = C6AF8B1D27286363009875EF /* PBXContainerItemProxy */;
		};
/* End PBXTargetDependency section */

/* Begin PBXVariantGroup section */
		C6AF8B0527286361009875EF /* Main.storyboard */ = {
			isa = PBXVariantGroup;
			children = (
				C6AF8B0627286361009875EF /* Base */,
			);
			name = Main.storyboard;
			sourceTree = "<group>";
		};
		C6AF8B0A27286363009875EF /* LaunchScreen.storyboard */ = {
			isa = PBXVariantGroup;
			children = (
				C6AF8B0B27286363009875EF /* Base */,
			);
			name = LaunchScreen.storyboard;
			sourceTree = "<group>";
		};
/* End PBXVariantGroup section */

/* Begin XCBuildConfiguration section */
		C6AF8B2427286363009875EF /* Debug */ = {
			isa = XCBuildConfiguration;
			buildSettings = {
				ALWAYS_SEARCH_USER_PATHS = NO;
				CLANG_ANALYZER_NONNULL = YES;
				CLANG_ANALYZER_NUMBER_OBJECT_CONVERSION = YES_AGGRESSIVE;
				CLANG_CXX_LANGUAGE_STANDARD = "gnu++17";
				CLANG_CXX_LIBRARY = "libc++";
				CLANG_ENABLE_MODULES = YES;
				CLANG_ENABLE_OBJC_ARC = YES;
				CLANG_ENABLE_OBJC_WEAK = YES;
				CLANG_WARN_BLOCK_CAPTURE_AUTORELEASING = YES;
				CLANG_WARN_BOOL_CONVERSION = YES;
				CLANG_WARN_COMMA = YES;
				CLANG_WARN_CONSTANT_CONVERSION = YES;
				CLANG_WARN_DEPRECATED_OBJC_IMPLEMENTATIONS = YES;
				CLANG_WARN_DIRECT_OBJC_ISA_USAGE = YES_ERROR;
				CLANG_WARN_DOCUMENTATION_COMMENTS = YES;
				CLANG_WARN_EMPTY_BODY = YES;
				CLANG_WARN_ENUM_CONVERSION = YES;
				CLANG_WARN_INFINITE_RECURSION = YES;
				CLANG_WARN_INT_CONVERSION = YES;
				CLANG_WARN_NON_LITERAL_NULL_CONVERSION = YES;
				CLANG_WARN_OBJC_IMPLICIT_RETAIN_SELF = YES;
				CLANG_WARN_OBJC_LITERAL_CONVERSION = YES;
				CLANG_WARN_OBJC_ROOT_CLASS = YES_ERROR;
				CLANG_WARN_QUOTED_INCLUDE_IN_FRAMEWORK_HEADER = YES;
				CLANG_WARN_RANGE_LOOP_ANALYSIS = YES;
				CLANG_WARN_STRICT_PROTOTYPES = YES;
				CLANG_WARN_SUSPICIOUS_MOVE = YES;
				CLANG_WARN_UNGUARDED_AVAILABILITY = YES_AGGRESSIVE;
				CLANG_WARN_UNREACHABLE_CODE = YES;
				CLANG_WARN__DUPLICATE_METHOD_MATCH = YES;
				COPY_PHASE_STRIP = NO;
				DEBUG_INFORMATION_FORMAT = dwarf;
				ENABLE_STRICT_OBJC_MSGSEND = YES;
				ENABLE_TESTABILITY = YES;
				GCC_C_LANGUAGE_STANDARD = gnu11;
				GCC_DYNAMIC_NO_PIC = NO;
				GCC_NO_COMMON_BLOCKS = YES;
				GCC_OPTIMIZATION_LEVEL = 0;
				GCC_PREPROCESSOR_DEFINITIONS = (
					"DEBUG=1",
					"$(inherited)",
				);
				GCC_WARN_64_TO_32_BIT_CONVERSION = YES;
				GCC_WARN_ABOUT_RETURN_TYPE = YES_ERROR;
				GCC_WARN_UNDECLARED_SELECTOR = YES;
				GCC_WARN_UNINITIALIZED_AUTOS = YES_AGGRESSIVE;
				GCC_WARN_UNUSED_FUNCTION = YES;
				GCC_WARN_UNUSED_VARIABLE = YES;
				IPHONEOS_DEPLOYMENT_TARGET = 15.0;
				MTL_ENABLE_DEBUG_INFO = INCLUDE_SOURCE;
				MTL_FAST_MATH = YES;
				ONLY_ACTIVE_ARCH = YES;
				SDKROOT = iphoneos;
				SWIFT_ACTIVE_COMPILATION_CONDITIONS = DEBUG;
				SWIFT_OPTIMIZATION_LEVEL = "-Onone";
			};
			name = Debug;
		};
		C6AF8B2527286363009875EF /* Release */ = {
			isa = XCBuildConfiguration;
			buildSettings = {
				ALWAYS_SEARCH_USER_PATHS = NO;
				CLANG_ANALYZER_NONNULL = YES;
				CLANG_ANALYZER_NUMBER_OBJECT_CONVERSION = YES_AGGRESSIVE;
				CLANG_CXX_LANGUAGE_STANDARD = "gnu++17";
				CLANG_CXX_LIBRARY = "libc++";
				CLANG_ENABLE_MODULES = YES;
				CLANG_ENABLE_OBJC_ARC = YES;
				CLANG_ENABLE_OBJC_WEAK = YES;
				CLANG_WARN_BLOCK_CAPTURE_AUTORELEASING = YES;
				CLANG_WARN_BOOL_CONVERSION = YES;
				CLANG_WARN_COMMA = YES;
				CLANG_WARN_CONSTANT_CONVERSION = YES;
				CLANG_WARN_DEPRECATED_OBJC_IMPLEMENTATIONS = YES;
				CLANG_WARN_DIRECT_OBJC_ISA_USAGE = YES_ERROR;
				CLANG_WARN_DOCUMENTATION_COMMENTS = YES;
				CLANG_WARN_EMPTY_BODY = YES;
				CLANG_WARN_ENUM_CONVERSION = YES;
				CLANG_WARN_INFINITE_RECURSION = YES;
				CLANG_WARN_INT_CONVERSION = YES;
				CLANG_WARN_NON_LITERAL_NULL_CONVERSION = YES;
				CLANG_WARN_OBJC_IMPLICIT_RETAIN_SELF = YES;
				CLANG_WARN_OBJC_LITERAL_CONVERSION = YES;
				CLANG_WARN_OBJC_ROOT_CLASS = YES_ERROR;
				CLANG_WARN_QUOTED_INCLUDE_IN_FRAMEWORK_HEADER = YES;
				CLANG_WARN_RANGE_LOOP_ANALYSIS = YES;
				CLANG_WARN_STRICT_PROTOTYPES = YES;
				CLANG_WARN_SUSPICIOUS_MOVE = YES;
				CLANG_WARN_UNGUARDED_AVAILABILITY = YES_AGGRESSIVE;
				CLANG_WARN_UNREACHABLE_CODE = YES;
				CLANG_WARN__DUPLICATE_METHOD_MATCH = YES;
				COPY_PHASE_STRIP = NO;
				DEBUG_INFORMATION_FORMAT = "dwarf-with-dsym";
				ENABLE_NS_ASSERTIONS = NO;
				ENABLE_STRICT_OBJC_MSGSEND = YES;
				GCC_C_LANGUAGE_STANDARD = gnu11;
				GCC_NO_COMMON_BLOCKS = YES;
				GCC_WARN_64_TO_32_BIT_CONVERSION = YES;
				GCC_WARN_ABOUT_RETURN_TYPE = YES_ERROR;
				GCC_WARN_UNDECLARED_SELECTOR = YES;
				GCC_WARN_UNINITIALIZED_AUTOS = YES_AGGRESSIVE;
				GCC_WARN_UNUSED_FUNCTION = YES;
				GCC_WARN_UNUSED_VARIABLE = YES;
				IPHONEOS_DEPLOYMENT_TARGET = 15.0;
				MTL_ENABLE_DEBUG_INFO = NO;
				MTL_FAST_MATH = YES;
				SDKROOT = iphoneos;
				SWIFT_COMPILATION_MODE = wholemodule;
				SWIFT_OPTIMIZATION_LEVEL = "-O";
				VALIDATE_PRODUCT = YES;
			};
			name = Release;
		};
		C6AF8B2727286363009875EF /* Debug */ = {
			isa = XCBuildConfiguration;
			buildSettings = {
				ASSETCATALOG_COMPILER_APPICON_NAME = AppIcon;
				ASSETCATALOG_COMPILER_GLOBAL_ACCENT_COLOR_NAME = AccentColor;
				CODE_SIGN_STYLE = Automatic;
				CURRENT_PROJECT_VERSION = 1;
				GENERATE_INFOPLIST_FILE = YES;
				INFOPLIST_FILE = HamadHarisi_AppleCake_Lab14/Info.plist;
				INFOPLIST_KEY_UIApplicationSupportsIndirectInputEvents = YES;
				INFOPLIST_KEY_UILaunchStoryboardName = LaunchScreen;
				INFOPLIST_KEY_UIMainStoryboardFile = Main;
				INFOPLIST_KEY_UISupportedInterfaceOrientations_iPad = "UIInterfaceOrientationPortrait UIInterfaceOrientationPortraitUpsideDown UIInterfaceOrientationLandscapeLeft UIInterfaceOrientationLandscapeRight";
				INFOPLIST_KEY_UISupportedInterfaceOrientations_iPhone = "UIInterfaceOrientationPortrait UIInterfaceOrientationLandscapeLeft UIInterfaceOrientationLandscapeRight";
				LD_RUNPATH_SEARCH_PATHS = (
					"$(inherited)",
					"@executable_path/Frameworks",
				);
				MARKETING_VERSION = 1.0;
				PRODUCT_BUNDLE_IDENTIFIER = "HamadHarisi-AppleCake-Lab14.HamadHarisi-AppleCake-Lab14";
				PRODUCT_NAME = "$(TARGET_NAME)";
				SWIFT_EMIT_LOC_STRINGS = YES;
				SWIFT_VERSION = 5.0;
				TARGETED_DEVICE_FAMILY = "1,2";
			};
			name = Debug;
		};
		C6AF8B2827286363009875EF /* Release */ = {
			isa = XCBuildConfiguration;
			buildSettings = {
				ASSETCATALOG_COMPILER_APPICON_NAME = AppIcon;
				ASSETCATALOG_COMPILER_GLOBAL_ACCENT_COLOR_NAME = AccentColor;
				CODE_SIGN_STYLE = Automatic;
				CURRENT_PROJECT_VERSION = 1;
				GENERATE_INFOPLIST_FILE = YES;
				INFOPLIST_FILE = HamadHarisi_AppleCake_Lab14/Info.plist;
				INFOPLIST_KEY_UIApplicationSupportsIndirectInputEvents = YES;
				INFOPLIST_KEY_UILaunchStoryboardName = LaunchScreen;
				INFOPLIST_KEY_UIMainStoryboardFile = Main;
				INFOPLIST_KEY_UISupportedInterfaceOrientations_iPad = "UIInterfaceOrientationPortrait UIInterfaceOrientationPortraitUpsideDown UIInterfaceOrientationLandscapeLeft UIInterfaceOrientationLandscapeRight";
				INFOPLIST_KEY_UISupportedInterfaceOrientations_iPhone = "UIInterfaceOrientationPortrait UIInterfaceOrientationLandscapeLeft UIInterfaceOrientationLandscapeRight";
				LD_RUNPATH_SEARCH_PATHS = (
					"$(inherited)",
					"@executable_path/Frameworks",
				);
				MARKETING_VERSION = 1.0;
				PRODUCT_BUNDLE_IDENTIFIER = "HamadHarisi-AppleCake-Lab14.HamadHarisi-AppleCake-Lab14";
				PRODUCT_NAME = "$(TARGET_NAME)";
				SWIFT_EMIT_LOC_STRINGS = YES;
				SWIFT_VERSION = 5.0;
				TARGETED_DEVICE_FAMILY = "1,2";
			};
			name = Release;
		};
		C6AF8B2A27286363009875EF /* Debug */ = {
			isa = XCBuildConfiguration;
			buildSettings = {
				ALWAYS_EMBED_SWIFT_STANDARD_LIBRARIES = YES;
				BUNDLE_LOADER = "$(TEST_HOST)";
				CODE_SIGN_STYLE = Automatic;
				CURRENT_PROJECT_VERSION = 1;
				GENERATE_INFOPLIST_FILE = YES;
				IPHONEOS_DEPLOYMENT_TARGET = 15.0;
				LD_RUNPATH_SEARCH_PATHS = (
					"$(inherited)",
					"@executable_path/Frameworks",
					"@loader_path/Frameworks",
				);
				MARKETING_VERSION = 1.0;
				PRODUCT_BUNDLE_IDENTIFIER = "HamadHarisi-AppleCake-Lab14.HamadHarisi-AppleCake-Lab14Tests";
				PRODUCT_NAME = "$(TARGET_NAME)";
				SWIFT_EMIT_LOC_STRINGS = NO;
				SWIFT_VERSION = 5.0;
				TARGETED_DEVICE_FAMILY = "1,2";
				TEST_HOST = "$(BUILT_PRODUCTS_DIR)/HamadHarisi_AppleCake_Lab14.app/HamadHarisi_AppleCake_Lab14";
			};
			name = Debug;
		};
		C6AF8B2B27286363009875EF /* Release */ = {
			isa = XCBuildConfiguration;
			buildSettings = {
				ALWAYS_EMBED_SWIFT_STANDARD_LIBRARIES = YES;
				BUNDLE_LOADER = "$(TEST_HOST)";
				CODE_SIGN_STYLE = Automatic;
				CURRENT_PROJECT_VERSION = 1;
				GENERATE_INFOPLIST_FILE = YES;
				IPHONEOS_DEPLOYMENT_TARGET = 15.0;
				LD_RUNPATH_SEARCH_PATHS = (
					"$(inherited)",
					"@executable_path/Frameworks",
					"@loader_path/Frameworks",
				);
				MARKETING_VERSION = 1.0;
				PRODUCT_BUNDLE_IDENTIFIER = "HamadHarisi-AppleCake-Lab14.HamadHarisi-AppleCake-Lab14Tests";
				PRODUCT_NAME = "$(TARGET_NAME)";
				SWIFT_EMIT_LOC_STRINGS = NO;
				SWIFT_VERSION = 5.0;
				TARGETED_DEVICE_FAMILY = "1,2";
				TEST_HOST = "$(BUILT_PRODUCTS_DIR)/HamadHarisi_AppleCake_Lab14.app/HamadHarisi_AppleCake_Lab14";
			};
			name = Release;
		};
		C6AF8B2D27286363009875EF /* Debug */ = {
			isa = XCBuildConfiguration;
			buildSettings = {
				ALWAYS_EMBED_SWIFT_STANDARD_LIBRARIES = YES;
				CODE_SIGN_STYLE = Automatic;
				CURRENT_PROJECT_VERSION = 1;
				GENERATE_INFOPLIST_FILE = YES;
				LD_RUNPATH_SEARCH_PATHS = (
					"$(inherited)",
					"@executable_path/Frameworks",
					"@loader_path/Frameworks",
				);
				MARKETING_VERSION = 1.0;
				PRODUCT_BUNDLE_IDENTIFIER = "HamadHarisi-AppleCake-Lab14.HamadHarisi-AppleCake-Lab14UITests";
				PRODUCT_NAME = "$(TARGET_NAME)";
				SWIFT_EMIT_LOC_STRINGS = NO;
				SWIFT_VERSION = 5.0;
				TARGETED_DEVICE_FAMILY = "1,2";
				TEST_TARGET_NAME = HamadHarisi_AppleCake_Lab14;
			};
			name = Debug;
		};
		C6AF8B2E27286363009875EF /* Release */ = {
			isa = XCBuildConfiguration;
			buildSettings = {
				ALWAYS_EMBED_SWIFT_STANDARD_LIBRARIES = YES;
				CODE_SIGN_STYLE = Automatic;
				CURRENT_PROJECT_VERSION = 1;
				GENERATE_INFOPLIST_FILE = YES;
				LD_RUNPATH_SEARCH_PATHS = (
					"$(inherited)",
					"@executable_path/Frameworks",
					"@loader_path/Frameworks",
				);
				MARKETING_VERSION = 1.0;
				PRODUCT_BUNDLE_IDENTIFIER = "HamadHarisi-AppleCake-Lab14.HamadHarisi-AppleCake-Lab14UITests";
				PRODUCT_NAME = "$(TARGET_NAME)";
				SWIFT_EMIT_LOC_STRINGS = NO;
				SWIFT_VERSION = 5.0;
				TARGETED_DEVICE_FAMILY = "1,2";
				TEST_TARGET_NAME = HamadHarisi_AppleCake_Lab14;
			};
			name = Release;
		};
/* End XCBuildConfiguration section */

/* Begin XCConfigurationList section */
		C6AF8AF727286361009875EF /* Build configuration list for PBXProject "HamadHarisi_AppleCake_Lab14" */ = {
			isa = XCConfigurationList;
			buildConfigurations = (
				C6AF8B2427286363009875EF /* Debug */,
				C6AF8B2527286363009875EF /* Release */,
			);
			defaultConfigurationIsVisible = 0;
			defaultConfigurationName = Release;
		};
		C6AF8B2627286363009875EF /* Build configuration list for PBXNativeTarget "HamadHarisi_AppleCake_Lab14" */ = {
			isa = XCConfigurationList;
			buildConfigurations = (
				C6AF8B2727286363009875EF /* Debug */,
				C6AF8B2827286363009875EF /* Release */,
			);
			defaultConfigurationIsVisible = 0;
			defaultConfigurationName = Release;
		};
		C6AF8B2927286363009875EF /* Build configuration list for PBXNativeTarget "HamadHarisi_AppleCake_Lab14Tests" */ = {
			isa = XCConfigurationList;
			buildConfigurations = (
				C6AF8B2A27286363009875EF /* Debug */,
				C6AF8B2B27286363009875EF /* Release */,
			);
			defaultConfigurationIsVisible = 0;
			defaultConfigurationName = Release;
		};
		C6AF8B2C27286363009875EF /* Build configuration list for PBXNativeTarget "HamadHarisi_AppleCake_Lab14UITests" */ = {
			isa = XCConfigurationList;
			buildConfigurations = (
				C6AF8B2D27286363009875EF /* Debug */,
				C6AF8B2E27286363009875EF /* Release */,
			);
			defaultConfigurationIsVisible = 0;
			defaultConfigurationName = Release;
		};
/* End XCConfigurationList section */
	};
	rootObject = C6AF8AF427286361009875EF /* Project object */;
}
