// !$*UTF8*$!
{
	archiveVersion = 1;
	classes = {
	};
	objectVersion = 55;
	objects = {

/* Begin PBXBuildFile section */
		14220B30272925C5002B58E3 /* AppDelegate.swift in Sources */ = {isa = PBXBuildFile; fileRef = 14220B2F272925C5002B58E3 /* AppDelegate.swift */; };
		14220B32272925C5002B58E3 /* SceneDelegate.swift in Sources */ = {isa = PBXBuildFile; fileRef = 14220B31272925C5002B58E3 /* SceneDelegate.swift */; };
		14220B34272925C5002B58E3 /* ViewController.swift in Sources */ = {isa = PBXBuildFile; fileRef = 14220B33272925C5002B58E3 /* ViewController.swift */; };
		14220B37272925C5002B58E3 /* Main.storyboard in Resources */ = {isa = PBXBuildFile; fileRef = 14220B35272925C5002B58E3 /* Main.storyboard */; };
		14220B39272925C7002B58E3 /* Assets.xcassets in Resources */ = {isa = PBXBuildFile; fileRef = 14220B38272925C7002B58E3 /* Assets.xcassets */; };
		14220B3C272925C7002B58E3 /* LaunchScreen.storyboard in Resources */ = {isa = PBXBuildFile; fileRef = 14220B3A272925C7002B58E3 /* LaunchScreen.storyboard */; };
		14220B47272925C7002B58E3 /* Lab14CakeTests.swift in Sources */ = {isa = PBXBuildFile; fileRef = 14220B46272925C7002B58E3 /* Lab14CakeTests.swift */; };
		14220B51272925C7002B58E3 /* Lab14CakeUITests.swift in Sources */ = {isa = PBXBuildFile; fileRef = 14220B50272925C7002B58E3 /* Lab14CakeUITests.swift */; };
		14220B53272925C7002B58E3 /* Lab14CakeUITestsLaunchTests.swift in Sources */ = {isa = PBXBuildFile; fileRef = 14220B52272925C7002B58E3 /* Lab14CakeUITestsLaunchTests.swift */; };
/* End PBXBuildFile section */

/* Begin PBXContainerItemProxy section */
		14220B43272925C7002B58E3 /* PBXContainerItemProxy */ = {
			isa = PBXContainerItemProxy;
			containerPortal = 14220B24272925C5002B58E3 /* Project object */;
			proxyType = 1;
			remoteGlobalIDString = 14220B2B272925C5002B58E3;
			remoteInfo = Lab14Cake;
		};
		14220B4D272925C7002B58E3 /* PBXContainerItemProxy */ = {
			isa = PBXContainerItemProxy;
			containerPortal = 14220B24272925C5002B58E3 /* Project object */;
			proxyType = 1;
			remoteGlobalIDString = 14220B2B272925C5002B58E3;
			remoteInfo = Lab14Cake;
		};
/* End PBXContainerItemProxy section */

/* Begin PBXFileReference section */
		14220B2C272925C5002B58E3 /* Lab14Cake.app */ = {isa = PBXFileReference; explicitFileType = wrapper.application; includeInIndex = 0; path = Lab14Cake.app; sourceTree = BUILT_PRODUCTS_DIR; };
		14220B2F272925C5002B58E3 /* AppDelegate.swift */ = {isa = PBXFileReference; lastKnownFileType = sourcecode.swift; path = AppDelegate.swift; sourceTree = "<group>"; };
		14220B31272925C5002B58E3 /* SceneDelegate.swift */ = {isa = PBXFileReference; lastKnownFileType = sourcecode.swift; path = SceneDelegate.swift; sourceTree = "<group>"; };
		14220B33272925C5002B58E3 /* ViewController.swift */ = {isa = PBXFileReference; lastKnownFileType = sourcecode.swift; path = ViewController.swift; sourceTree = "<group>"; };
		14220B36272925C5002B58E3 /* Base */ = {isa = PBXFileReference; lastKnownFileType = file.storyboard; name = Base; path = Base.lproj/Main.storyboard; sourceTree = "<group>"; };
		14220B38272925C7002B58E3 /* Assets.xcassets */ = {isa = PBXFileReference; lastKnownFileType = folder.assetcatalog; path = Assets.xcassets; sourceTree = "<group>"; };
		14220B3B272925C7002B58E3 /* Base */ = {isa = PBXFileReference; lastKnownFileType = file.storyboard; name = Base; path = Base.lproj/LaunchScreen.storyboard; sourceTree = "<group>"; };
		14220B3D272925C7002B58E3 /* Info.plist */ = {isa = PBXFileReference; lastKnownFileType = text.plist.xml; path = Info.plist; sourceTree = "<group>"; };
		14220B42272925C7002B58E3 /* Lab14CakeTests.xctest */ = {isa = PBXFileReference; explicitFileType = wrapper.cfbundle; includeInIndex = 0; path = Lab14CakeTests.xctest; sourceTree = BUILT_PRODUCTS_DIR; };
		14220B46272925C7002B58E3 /* Lab14CakeTests.swift */ = {isa = PBXFileReference; lastKnownFileType = sourcecode.swift; path = Lab14CakeTests.swift; sourceTree = "<group>"; };
		14220B4C272925C7002B58E3 /* Lab14CakeUITests.xctest */ = {isa = PBXFileReference; explicitFileType = wrapper.cfbundle; includeInIndex = 0; path = Lab14CakeUITests.xctest; sourceTree = BUILT_PRODUCTS_DIR; };
		14220B50272925C7002B58E3 /* Lab14CakeUITests.swift */ = {isa = PBXFileReference; lastKnownFileType = sourcecode.swift; path = Lab14CakeUITests.swift; sourceTree = "<group>"; };
		14220B52272925C7002B58E3 /* Lab14CakeUITestsLaunchTests.swift */ = {isa = PBXFileReference; lastKnownFileType = sourcecode.swift; path = Lab14CakeUITestsLaunchTests.swift; sourceTree = "<group>"; };
/* End PBXFileReference section */

/* Begin PBXFrameworksBuildPhase section */
		14220B29272925C5002B58E3 /* Frameworks */ = {
			isa = PBXFrameworksBuildPhase;
			buildActionMask = 2147483647;
			files = (
			);
			runOnlyForDeploymentPostprocessing = 0;
		};
		14220B3F272925C7002B58E3 /* Frameworks */ = {
			isa = PBXFrameworksBuildPhase;
			buildActionMask = 2147483647;
			files = (
			);
			runOnlyForDeploymentPostprocessing = 0;
		};
		14220B49272925C7002B58E3 /* Frameworks */ = {
			isa = PBXFrameworksBuildPhase;
			buildActionMask = 2147483647;
			files = (
			);
			runOnlyForDeploymentPostprocessing = 0;
		};
/* End PBXFrameworksBuildPhase section */

/* Begin PBXGroup section */
		14220B23272925C5002B58E3 = {
			isa = PBXGroup;
			children = (
				14220B2E272925C5002B58E3 /* Lab14Cake */,
				14220B45272925C7002B58E3 /* Lab14CakeTests */,
				14220B4F272925C7002B58E3 /* Lab14CakeUITests */,
				14220B2D272925C5002B58E3 /* Products */,
			);
			sourceTree = "<group>";
		};
		14220B2D272925C5002B58E3 /* Products */ = {
			isa = PBXGroup;
			children = (
				14220B2C272925C5002B58E3 /* Lab14Cake.app */,
				14220B42272925C7002B58E3 /* Lab14CakeTests.xctest */,
				14220B4C272925C7002B58E3 /* Lab14CakeUITests.xctest */,
			);
			name = Products;
			sourceTree = "<group>";
		};
		14220B2E272925C5002B58E3 /* Lab14Cake */ = {
			isa = PBXGroup;
			children = (
				14220B2F272925C5002B58E3 /* AppDelegate.swift */,
				14220B31272925C5002B58E3 /* SceneDelegate.swift */,
				14220B33272925C5002B58E3 /* ViewController.swift */,
				14220B35272925C5002B58E3 /* Main.storyboard */,
				14220B38272925C7002B58E3 /* Assets.xcassets */,
				14220B3A272925C7002B58E3 /* LaunchScreen.storyboard */,
				14220B3D272925C7002B58E3 /* Info.plist */,
			);
			path = Lab14Cake;
			sourceTree = "<group>";
		};
		14220B45272925C7002B58E3 /* Lab14CakeTests */ = {
			isa = PBXGroup;
			children = (
				14220B46272925C7002B58E3 /* Lab14CakeTests.swift */,
			);
			path = Lab14CakeTests;
			sourceTree = "<group>";
		};
		14220B4F272925C7002B58E3 /* Lab14CakeUITests */ = {
			isa = PBXGroup;
			children = (
				14220B50272925C7002B58E3 /* Lab14CakeUITests.swift */,
				14220B52272925C7002B58E3 /* Lab14CakeUITestsLaunchTests.swift */,
			);
			path = Lab14CakeUITests;
			sourceTree = "<group>";
		};
/* End PBXGroup section */

/* Begin PBXNativeTarget section */
		14220B2B272925C5002B58E3 /* Lab14Cake */ = {
			isa = PBXNativeTarget;
			buildConfigurationList = 14220B56272925C7002B58E3 /* Build configuration list for PBXNativeTarget "Lab14Cake" */;
			buildPhases = (
				14220B28272925C5002B58E3 /* Sources */,
				14220B29272925C5002B58E3 /* Frameworks */,
				14220B2A272925C5002B58E3 /* Resources */,
			);
			buildRules = (
			);
			dependencies = (
			);
			name = Lab14Cake;
			productName = Lab14Cake;
			productReference = 14220B2C272925C5002B58E3 /* Lab14Cake.app */;
			productType = "com.apple.product-type.application";
		};
		14220B41272925C7002B58E3 /* Lab14CakeTests */ = {
			isa = PBXNativeTarget;
			buildConfigurationList = 14220B59272925C7002B58E3 /* Build configuration list for PBXNativeTarget "Lab14CakeTests" */;
			buildPhases = (
				14220B3E272925C7002B58E3 /* Sources */,
				14220B3F272925C7002B58E3 /* Frameworks */,
				14220B40272925C7002B58E3 /* Resources */,
			);
			buildRules = (
			);
			dependencies = (
				14220B44272925C7002B58E3 /* PBXTargetDependency */,
			);
			name = Lab14CakeTests;
			productName = Lab14CakeTests;
			productReference = 14220B42272925C7002B58E3 /* Lab14CakeTests.xctest */;
			productType = "com.apple.product-type.bundle.unit-test";
		};
		14220B4B272925C7002B58E3 /* Lab14CakeUITests */ = {
			isa = PBXNativeTarget;
			buildConfigurationList = 14220B5C272925C7002B58E3 /* Build configuration list for PBXNativeTarget "Lab14CakeUITests" */;
			buildPhases = (
				14220B48272925C7002B58E3 /* Sources */,
				14220B49272925C7002B58E3 /* Frameworks */,
				14220B4A272925C7002B58E3 /* Resources */,
			);
			buildRules = (
			);
			dependencies = (
				14220B4E272925C7002B58E3 /* PBXTargetDependency */,
			);
			name = Lab14CakeUITests;
			productName = Lab14CakeUITests;
			productReference = 14220B4C272925C7002B58E3 /* Lab14CakeUITests.xctest */;
			productType = "com.apple.product-type.bundle.ui-testing";
		};
/* End PBXNativeTarget section */

/* Begin PBXProject section */
		14220B24272925C5002B58E3 /* Project object */ = {
			isa = PBXProject;
			attributes = {
				BuildIndependentTargetsInParallel = 1;
				LastSwiftUpdateCheck = 1300;
				LastUpgradeCheck = 1300;
				TargetAttributes = {
					14220B2B272925C5002B58E3 = {
						CreatedOnToolsVersion = 13.0;
					};
					14220B41272925C7002B58E3 = {
						CreatedOnToolsVersion = 13.0;
						TestTargetID = 14220B2B272925C5002B58E3;
					};
					14220B4B272925C7002B58E3 = {
						CreatedOnToolsVersion = 13.0;
						TestTargetID = 14220B2B272925C5002B58E3;
					};
				};
			};
			buildConfigurationList = 14220B27272925C5002B58E3 /* Build configuration list for PBXProject "Lab14Cake" */;
			compatibilityVersion = "Xcode 13.0";
			developmentRegion = en;
			hasScannedForEncodings = 0;
			knownRegions = (
				en,
				Base,
			);
			mainGroup = 14220B23272925C5002B58E3;
			productRefGroup = 14220B2D272925C5002B58E3 /* Products */;
			projectDirPath = "";
			projectRoot = "";
			targets = (
				14220B2B272925C5002B58E3 /* Lab14Cake */,
				14220B41272925C7002B58E3 /* Lab14CakeTests */,
				14220B4B272925C7002B58E3 /* Lab14CakeUITests */,
			);
		};
/* End PBXProject section */

/* Begin PBXResourcesBuildPhase section */
		14220B2A272925C5002B58E3 /* Resources */ = {
			isa = PBXResourcesBuildPhase;
			buildActionMask = 2147483647;
			files = (
				14220B3C272925C7002B58E3 /* LaunchScreen.storyboard in Resources */,
				14220B39272925C7002B58E3 /* Assets.xcassets in Resources */,
				14220B37272925C5002B58E3 /* Main.storyboard in Resources */,
			);
			runOnlyForDeploymentPostprocessing = 0;
		};
		14220B40272925C7002B58E3 /* Resources */ = {
			isa = PBXResourcesBuildPhase;
			buildActionMask = 2147483647;
			files = (
			);
			runOnlyForDeploymentPostprocessing = 0;
		};
		14220B4A272925C7002B58E3 /* Resources */ = {
			isa = PBXResourcesBuildPhase;
			buildActionMask = 2147483647;
			files = (
			);
			runOnlyForDeploymentPostprocessing = 0;
		};
/* End PBXResourcesBuildPhase section */

/* Begin PBXSourcesBuildPhase section */
		14220B28272925C5002B58E3 /* Sources */ = {
			isa = PBXSourcesBuildPhase;
			buildActionMask = 2147483647;
			files = (
				14220B34272925C5002B58E3 /* ViewController.swift in Sources */,
				14220B30272925C5002B58E3 /* AppDelegate.swift in Sources */,
				14220B32272925C5002B58E3 /* SceneDelegate.swift in Sources */,
			);
			runOnlyForDeploymentPostprocessing = 0;
		};
		14220B3E272925C7002B58E3 /* Sources */ = {
			isa = PBXSourcesBuildPhase;
			buildActionMask = 2147483647;
			files = (
				14220B47272925C7002B58E3 /* Lab14CakeTests.swift in Sources */,
			);
			runOnlyForDeploymentPostprocessing = 0;
		};
		14220B48272925C7002B58E3 /* Sources */ = {
			isa = PBXSourcesBuildPhase;
			buildActionMask = 2147483647;
			files = (
				14220B51272925C7002B58E3 /* Lab14CakeUITests.swift in Sources */,
				14220B53272925C7002B58E3 /* Lab14CakeUITestsLaunchTests.swift in Sources */,
			);
			runOnlyForDeploymentPostprocessing = 0;
		};
/* End PBXSourcesBuildPhase section */

/* Begin PBXTargetDependency section */
		14220B44272925C7002B58E3 /* PBXTargetDependency */ = {
			isa = PBXTargetDependency;
			target = 14220B2B272925C5002B58E3 /* Lab14Cake */;
			targetProxy = 14220B43272925C7002B58E3 /* PBXContainerItemProxy */;
		};
		14220B4E272925C7002B58E3 /* PBXTargetDependency */ = {
			isa = PBXTargetDependency;
			target = 14220B2B272925C5002B58E3 /* Lab14Cake */;
			targetProxy = 14220B4D272925C7002B58E3 /* PBXContainerItemProxy */;
		};
/* End PBXTargetDependency section */

/* Begin PBXVariantGroup section */
		14220B35272925C5002B58E3 /* Main.storyboard */ = {
			isa = PBXVariantGroup;
			children = (
				14220B36272925C5002B58E3 /* Base */,
			);
			name = Main.storyboard;
			sourceTree = "<group>";
		};
		14220B3A272925C7002B58E3 /* LaunchScreen.storyboard */ = {
			isa = PBXVariantGroup;
			children = (
				14220B3B272925C7002B58E3 /* Base */,
			);
			name = LaunchScreen.storyboard;
			sourceTree = "<group>";
		};
/* End PBXVariantGroup section */

/* Begin XCBuildConfiguration section */
		14220B54272925C7002B58E3 /* Debug */ = {
			isa = XCBuildConfiguration;
			buildSettings = {
				ALWAYS_SEARCH_USER_PATHS = NO;
				CLANG_ANALYZER_NONNULL = YES;
				CLANG_ANALYZER_NUMBER_OBJECT_CONVERSION = YES_AGGRESSIVE;
				CLANG_CXX_LANGUAGE_STANDARD = "gnu++17";
				CLANG_CXX_LIBRARY = "libc++";
				CLANG_ENABLE_MODULES = YES;
				CLANG_ENABLE_OBJC_ARC = YES;
				CLANG_ENABLE_OBJC_WEAK = YES;
				CLANG_WARN_BLOCK_CAPTURE_AUTORELEASING = YES;
				CLANG_WARN_BOOL_CONVERSION = YES;
				CLANG_WARN_COMMA = YES;
				CLANG_WARN_CONSTANT_CONVERSION = YES;
				CLANG_WARN_DEPRECATED_OBJC_IMPLEMENTATIONS = YES;
				CLANG_WARN_DIRECT_OBJC_ISA_USAGE = YES_ERROR;
				CLANG_WARN_DOCUMENTATION_COMMENTS = YES;
				CLANG_WARN_EMPTY_BODY = YES;
				CLANG_WARN_ENUM_CONVERSION = YES;
				CLANG_WARN_INFINITE_RECURSION = YES;
				CLANG_WARN_INT_CONVERSION = YES;
				CLANG_WARN_NON_LITERAL_NULL_CONVERSION = YES;
				CLANG_WARN_OBJC_IMPLICIT_RETAIN_SELF = YES;
				CLANG_WARN_OBJC_LITERAL_CONVERSION = YES;
				CLANG_WARN_OBJC_ROOT_CLASS = YES_ERROR;
				CLANG_WARN_QUOTED_INCLUDE_IN_FRAMEWORK_HEADER = YES;
				CLANG_WARN_RANGE_LOOP_ANALYSIS = YES;
				CLANG_WARN_STRICT_PROTOTYPES = YES;
				CLANG_WARN_SUSPICIOUS_MOVE = YES;
				CLANG_WARN_UNGUARDED_AVAILABILITY = YES_AGGRESSIVE;
				CLANG_WARN_UNREACHABLE_CODE = YES;
				CLANG_WARN__DUPLICATE_METHOD_MATCH = YES;
				COPY_PHASE_STRIP = NO;
				DEBUG_INFORMATION_FORMAT = dwarf;
				ENABLE_STRICT_OBJC_MSGSEND = YES;
				ENABLE_TESTABILITY = YES;
				GCC_C_LANGUAGE_STANDARD = gnu11;
				GCC_DYNAMIC_NO_PIC = NO;
				GCC_NO_COMMON_BLOCKS = YES;
				GCC_OPTIMIZATION_LEVEL = 0;
				GCC_PREPROCESSOR_DEFINITIONS = (
					"DEBUG=1",
					"$(inherited)",
				);
				GCC_WARN_64_TO_32_BIT_CONVERSION = YES;
				GCC_WARN_ABOUT_RETURN_TYPE = YES_ERROR;
				GCC_WARN_UNDECLARED_SELECTOR = YES;
				GCC_WARN_UNINITIALIZED_AUTOS = YES_AGGRESSIVE;
				GCC_WARN_UNUSED_FUNCTION = YES;
				GCC_WARN_UNUSED_VARIABLE = YES;
				IPHONEOS_DEPLOYMENT_TARGET = 15.0;
				MTL_ENABLE_DEBUG_INFO = INCLUDE_SOURCE;
				MTL_FAST_MATH = YES;
				ONLY_ACTIVE_ARCH = YES;
				SDKROOT = iphoneos;
				SWIFT_ACTIVE_COMPILATION_CONDITIONS = DEBUG;
				SWIFT_OPTIMIZATION_LEVEL = "-Onone";
			};
			name = Debug;
		};
		14220B55272925C7002B58E3 /* Release */ = {
			isa = XCBuildConfiguration;
			buildSettings = {
				ALWAYS_SEARCH_USER_PATHS = NO;
				CLANG_ANALYZER_NONNULL = YES;
				CLANG_ANALYZER_NUMBER_OBJECT_CONVERSION = YES_AGGRESSIVE;
				CLANG_CXX_LANGUAGE_STANDARD = "gnu++17";
				CLANG_CXX_LIBRARY = "libc++";
				CLANG_ENABLE_MODULES = YES;
				CLANG_ENABLE_OBJC_ARC = YES;
				CLANG_ENABLE_OBJC_WEAK = YES;
				CLANG_WARN_BLOCK_CAPTURE_AUTORELEASING = YES;
				CLANG_WARN_BOOL_CONVERSION = YES;
				CLANG_WARN_COMMA = YES;
				CLANG_WARN_CONSTANT_CONVERSION = YES;
				CLANG_WARN_DEPRECATED_OBJC_IMPLEMENTATIONS = YES;
				CLANG_WARN_DIRECT_OBJC_ISA_USAGE = YES_ERROR;
				CLANG_WARN_DOCUMENTATION_COMMENTS = YES;
				CLANG_WARN_EMPTY_BODY = YES;
				CLANG_WARN_ENUM_CONVERSION = YES;
				CLANG_WARN_INFINITE_RECURSION = YES;
				CLANG_WARN_INT_CONVERSION = YES;
				CLANG_WARN_NON_LITERAL_NULL_CONVERSION = YES;
				CLANG_WARN_OBJC_IMPLICIT_RETAIN_SELF = YES;
				CLANG_WARN_OBJC_LITERAL_CONVERSION = YES;
				CLANG_WARN_OBJC_ROOT_CLASS = YES_ERROR;
				CLANG_WARN_QUOTED_INCLUDE_IN_FRAMEWORK_HEADER = YES;
				CLANG_WARN_RANGE_LOOP_ANALYSIS = YES;
				CLANG_WARN_STRICT_PROTOTYPES = YES;
				CLANG_WARN_SUSPICIOUS_MOVE = YES;
				CLANG_WARN_UNGUARDED_AVAILABILITY = YES_AGGRESSIVE;
				CLANG_WARN_UNREACHABLE_CODE = YES;
				CLANG_WARN__DUPLICATE_METHOD_MATCH = YES;
				COPY_PHASE_STRIP = NO;
				DEBUG_INFORMATION_FORMAT = "dwarf-with-dsym";
				ENABLE_NS_ASSERTIONS = NO;
				ENABLE_STRICT_OBJC_MSGSEND = YES;
				GCC_C_LANGUAGE_STANDARD = gnu11;
				GCC_NO_COMMON_BLOCKS = YES;
				GCC_WARN_64_TO_32_BIT_CONVERSION = YES;
				GCC_WARN_ABOUT_RETURN_TYPE = YES_ERROR;
				GCC_WARN_UNDECLARED_SELECTOR = YES;
				GCC_WARN_UNINITIALIZED_AUTOS = YES_AGGRESSIVE;
				GCC_WARN_UNUSED_FUNCTION = YES;
				GCC_WARN_UNUSED_VARIABLE = YES;
				IPHONEOS_DEPLOYMENT_TARGET = 15.0;
				MTL_ENABLE_DEBUG_INFO = NO;
				MTL_FAST_MATH = YES;
				SDKROOT = iphoneos;
				SWIFT_COMPILATION_MODE = wholemodule;
				SWIFT_OPTIMIZATION_LEVEL = "-O";
				VALIDATE_PRODUCT = YES;
			};
			name = Release;
		};
		14220B57272925C7002B58E3 /* Debug */ = {
			isa = XCBuildConfiguration;
			buildSettings = {
				ASSETCATALOG_COMPILER_APPICON_NAME = AppIcon;
				ASSETCATALOG_COMPILER_GLOBAL_ACCENT_COLOR_NAME = AccentColor;
				CODE_SIGN_STYLE = Automatic;
				CURRENT_PROJECT_VERSION = 1;
				DEVELOPMENT_TEAM = NTW43QW327;
				GENERATE_INFOPLIST_FILE = YES;
				INFOPLIST_FILE = Lab14Cake/Info.plist;
				INFOPLIST_KEY_UIApplicationSupportsIndirectInputEvents = YES;
				INFOPLIST_KEY_UILaunchStoryboardName = LaunchScreen;
				INFOPLIST_KEY_UIMainStoryboardFile = Main;
				INFOPLIST_KEY_UISupportedInterfaceOrientations_iPad = "UIInterfaceOrientationPortrait UIInterfaceOrientationPortraitUpsideDown UIInterfaceOrientationLandscapeLeft UIInterfaceOrientationLandscapeRight";
				INFOPLIST_KEY_UISupportedInterfaceOrientations_iPhone = "UIInterfaceOrientationPortrait UIInterfaceOrientationLandscapeLeft UIInterfaceOrientationLandscapeRight";
				LD_RUNPATH_SEARCH_PATHS = (
					"$(inherited)",
					"@executable_path/Frameworks",
				);
				MARKETING_VERSION = 1.0;
				PRODUCT_BUNDLE_IDENTIFIER = "Ahlam-Jur.Lab14Cake";
				PRODUCT_NAME = "$(TARGET_NAME)";
				SWIFT_EMIT_LOC_STRINGS = YES;
				SWIFT_VERSION = 5.0;
				TARGETED_DEVICE_FAMILY = "1,2";
			};
			name = Debug;
		};
		14220B58272925C7002B58E3 /* Release */ = {
			isa = XCBuildConfiguration;
			buildSettings = {
				ASSETCATALOG_COMPILER_APPICON_NAME = AppIcon;
				ASSETCATALOG_COMPILER_GLOBAL_ACCENT_COLOR_NAME = AccentColor;
				CODE_SIGN_STYLE = Automatic;
				CURRENT_PROJECT_VERSION = 1;
				DEVELOPMENT_TEAM = NTW43QW327;
				GENERATE_INFOPLIST_FILE = YES;
				INFOPLIST_FILE = Lab14Cake/Info.plist;
				INFOPLIST_KEY_UIApplicationSupportsIndirectInputEvents = YES;
				INFOPLIST_KEY_UILaunchStoryboardName = LaunchScreen;
				INFOPLIST_KEY_UIMainStoryboardFile = Main;
				INFOPLIST_KEY_UISupportedInterfaceOrientations_iPad = "UIInterfaceOrientationPortrait UIInterfaceOrientationPortraitUpsideDown UIInterfaceOrientationLandscapeLeft UIInterfaceOrientationLandscapeRight";
				INFOPLIST_KEY_UISupportedInterfaceOrientations_iPhone = "UIInterfaceOrientationPortrait UIInterfaceOrientationLandscapeLeft UIInterfaceOrientationLandscapeRight";
				LD_RUNPATH_SEARCH_PATHS = (
					"$(inherited)",
					"@executable_path/Frameworks",
				);
				MARKETING_VERSION = 1.0;
				PRODUCT_BUNDLE_IDENTIFIER = "Ahlam-Jur.Lab14Cake";
				PRODUCT_NAME = "$(TARGET_NAME)";
				SWIFT_EMIT_LOC_STRINGS = YES;
				SWIFT_VERSION = 5.0;
				TARGETED_DEVICE_FAMILY = "1,2";
			};
			name = Release;
		};
		14220B5A272925C7002B58E3 /* Debug */ = {
			isa = XCBuildConfiguration;
			buildSettings = {
				ALWAYS_EMBED_SWIFT_STANDARD_LIBRARIES = YES;
				BUNDLE_LOADER = "$(TEST_HOST)";
				CODE_SIGN_STYLE = Automatic;
				CURRENT_PROJECT_VERSION = 1;
				DEVELOPMENT_TEAM = NTW43QW327;
				GENERATE_INFOPLIST_FILE = YES;
				IPHONEOS_DEPLOYMENT_TARGET = 15.0;
				LD_RUNPATH_SEARCH_PATHS = (
					"$(inherited)",
					"@executable_path/Frameworks",
					"@loader_path/Frameworks",
				);
				MARKETING_VERSION = 1.0;
				PRODUCT_BUNDLE_IDENTIFIER = "Ahlam-Jur.Lab14CakeTests";
				PRODUCT_NAME = "$(TARGET_NAME)";
				SWIFT_EMIT_LOC_STRINGS = NO;
				SWIFT_VERSION = 5.0;
				TARGETED_DEVICE_FAMILY = "1,2";
				TEST_HOST = "$(BUILT_PRODUCTS_DIR)/Lab14Cake.app/Lab14Cake";
			};
			name = Debug;
		};
		14220B5B272925C7002B58E3 /* Release */ = {
			isa = XCBuildConfiguration;
			buildSettings = {
				ALWAYS_EMBED_SWIFT_STANDARD_LIBRARIES = YES;
				BUNDLE_LOADER = "$(TEST_HOST)";
				CODE_SIGN_STYLE = Automatic;
				CURRENT_PROJECT_VERSION = 1;
				DEVELOPMENT_TEAM = NTW43QW327;
				GENERATE_INFOPLIST_FILE = YES;
				IPHONEOS_DEPLOYMENT_TARGET = 15.0;
				LD_RUNPATH_SEARCH_PATHS = (
					"$(inherited)",
					"@executable_path/Frameworks",
					"@loader_path/Frameworks",
				);
				MARKETING_VERSION = 1.0;
				PRODUCT_BUNDLE_IDENTIFIER = "Ahlam-Jur.Lab14CakeTests";
				PRODUCT_NAME = "$(TARGET_NAME)";
				SWIFT_EMIT_LOC_STRINGS = NO;
				SWIFT_VERSION = 5.0;
				TARGETED_DEVICE_FAMILY = "1,2";
				TEST_HOST = "$(BUILT_PRODUCTS_DIR)/Lab14Cake.app/Lab14Cake";
			};
			name = Release;
		};
		14220B5D272925C7002B58E3 /* Debug */ = {
			isa = XCBuildConfiguration;
			buildSettings = {
				ALWAYS_EMBED_SWIFT_STANDARD_LIBRARIES = YES;
				CODE_SIGN_STYLE = Automatic;
				CURRENT_PROJECT_VERSION = 1;
				DEVELOPMENT_TEAM = NTW43QW327;
				GENERATE_INFOPLIST_FILE = YES;
				LD_RUNPATH_SEARCH_PATHS = (
					"$(inherited)",
					"@executable_path/Frameworks",
					"@loader_path/Frameworks",
				);
				MARKETING_VERSION = 1.0;
				PRODUCT_BUNDLE_IDENTIFIER = "Ahlam-Jur.Lab14CakeUITests";
				PRODUCT_NAME = "$(TARGET_NAME)";
				SWIFT_EMIT_LOC_STRINGS = NO;
				SWIFT_VERSION = 5.0;
				TARGETED_DEVICE_FAMILY = "1,2";
				TEST_TARGET_NAME = Lab14Cake;
			};
			name = Debug;
		};
		14220B5E272925C7002B58E3 /* Release */ = {
			isa = XCBuildConfiguration;
			buildSettings = {
				ALWAYS_EMBED_SWIFT_STANDARD_LIBRARIES = YES;
				CODE_SIGN_STYLE = Automatic;
				CURRENT_PROJECT_VERSION = 1;
				DEVELOPMENT_TEAM = NTW43QW327;
				GENERATE_INFOPLIST_FILE = YES;
				LD_RUNPATH_SEARCH_PATHS = (
					"$(inherited)",
					"@executable_path/Frameworks",
					"@loader_path/Frameworks",
				);
				MARKETING_VERSION = 1.0;
				PRODUCT_BUNDLE_IDENTIFIER = "Ahlam-Jur.Lab14CakeUITests";
				PRODUCT_NAME = "$(TARGET_NAME)";
				SWIFT_EMIT_LOC_STRINGS = NO;
				SWIFT_VERSION = 5.0;
				TARGETED_DEVICE_FAMILY = "1,2";
				TEST_TARGET_NAME = Lab14Cake;
			};
			name = Release;
		};
/* End XCBuildConfiguration section */

/* Begin XCConfigurationList section */
		14220B27272925C5002B58E3 /* Build configuration list for PBXProject "Lab14Cake" */ = {
			isa = XCConfigurationList;
			buildConfigurations = (
				14220B54272925C7002B58E3 /* Debug */,
				14220B55272925C7002B58E3 /* Release */,
			);
			defaultConfigurationIsVisible = 0;
			defaultConfigurationName = Release;
		};
		14220B56272925C7002B58E3 /* Build configuration list for PBXNativeTarget "Lab14Cake" */ = {
			isa = XCConfigurationList;
			buildConfigurations = (
				14220B57272925C7002B58E3 /* Debug */,
				14220B58272925C7002B58E3 /* Release */,
			);
			defaultConfigurationIsVisible = 0;
			defaultConfigurationName = Release;
		};
		14220B59272925C7002B58E3 /* Build configuration list for PBXNativeTarget "Lab14CakeTests" */ = {
			isa = XCConfigurationList;
			buildConfigurations = (
				14220B5A272925C7002B58E3 /* Debug */,
				14220B5B272925C7002B58E3 /* Release */,
			);
			defaultConfigurationIsVisible = 0;
			defaultConfigurationName = Release;
		};
		14220B5C272925C7002B58E3 /* Build configuration list for PBXNativeTarget "Lab14CakeUITests" */ = {
			isa = XCConfigurationList;
			buildConfigurations = (
				14220B5D272925C7002B58E3 /* Debug */,
				14220B5E272925C7002B58E3 /* Release */,
			);
			defaultConfigurationIsVisible = 0;
			defaultConfigurationName = Release;
		};
/* End XCConfigurationList section */
	};
	rootObject = 14220B24272925C5002B58E3 /* Project object */;
}
