// !$*UTF8*$!
{
	archiveVersion = 1;
	classes = {
	};
	objectVersion = 55;
	objects = {

/* Begin PBXBuildFile section */
		75B4CE3627281DF900F66A6A /* AppDelegate.swift in Sources */ = {isa = PBXBuildFile; fileRef = 75B4CE3527281DF900F66A6A /* AppDelegate.swift */; };
		75B4CE3827281DF900F66A6A /* SceneDelegate.swift in Sources */ = {isa = PBXBuildFile; fileRef = 75B4CE3727281DF900F66A6A /* SceneDelegate.swift */; };
		75B4CE3A27281DF900F66A6A /* ViewController.swift in Sources */ = {isa = PBXBuildFile; fileRef = 75B4CE3927281DF900F66A6A /* ViewController.swift */; };
		75B4CE3D27281DF900F66A6A /* Main.storyboard in Resources */ = {isa = PBXBuildFile; fileRef = 75B4CE3B27281DF900F66A6A /* Main.storyboard */; };
		75B4CE3F27281DFC00F66A6A /* Assets.xcassets in Resources */ = {isa = PBXBuildFile; fileRef = 75B4CE3E27281DFC00F66A6A /* Assets.xcassets */; };
		75B4CE4227281DFC00F66A6A /* LaunchScreen.storyboard in Resources */ = {isa = PBXBuildFile; fileRef = 75B4CE4027281DFC00F66A6A /* LaunchScreen.storyboard */; };
		75B4CE4D27281DFC00F66A6A /* DimitriSMITH_Protocol_DemoTests.swift in Sources */ = {isa = PBXBuildFile; fileRef = 75B4CE4C27281DFC00F66A6A /* DimitriSMITH_Protocol_DemoTests.swift */; };
		75B4CE5727281DFC00F66A6A /* DimitriSMITH_Protocol_DemoUITests.swift in Sources */ = {isa = PBXBuildFile; fileRef = 75B4CE5627281DFC00F66A6A /* DimitriSMITH_Protocol_DemoUITests.swift */; };
		75B4CE5927281DFC00F66A6A /* DimitriSMITH_Protocol_DemoUITestsLaunchTests.swift in Sources */ = {isa = PBXBuildFile; fileRef = 75B4CE5827281DFC00F66A6A /* DimitriSMITH_Protocol_DemoUITestsLaunchTests.swift */; };
/* End PBXBuildFile section */

/* Begin PBXContainerItemProxy section */
		75B4CE4927281DFC00F66A6A /* PBXContainerItemProxy */ = {
			isa = PBXContainerItemProxy;
			containerPortal = 75B4CE2A27281DF900F66A6A /* Project object */;
			proxyType = 1;
			remoteGlobalIDString = 75B4CE3127281DF900F66A6A;
			remoteInfo = DimitriSMITH_Protocol_Demo;
		};
		75B4CE5327281DFC00F66A6A /* PBXContainerItemProxy */ = {
			isa = PBXContainerItemProxy;
			containerPortal = 75B4CE2A27281DF900F66A6A /* Project object */;
			proxyType = 1;
			remoteGlobalIDString = 75B4CE3127281DF900F66A6A;
			remoteInfo = DimitriSMITH_Protocol_Demo;
		};
/* End PBXContainerItemProxy section */

/* Begin PBXFileReference section */
		75B4CE3227281DF900F66A6A /* DimitriSMITH_Protocol_Demo.app */ = {isa = PBXFileReference; explicitFileType = wrapper.application; includeInIndex = 0; path = DimitriSMITH_Protocol_Demo.app; sourceTree = BUILT_PRODUCTS_DIR; };
		75B4CE3527281DF900F66A6A /* AppDelegate.swift */ = {isa = PBXFileReference; lastKnownFileType = sourcecode.swift; path = AppDelegate.swift; sourceTree = "<group>"; };
		75B4CE3727281DF900F66A6A /* SceneDelegate.swift */ = {isa = PBXFileReference; lastKnownFileType = sourcecode.swift; path = SceneDelegate.swift; sourceTree = "<group>"; };
		75B4CE3927281DF900F66A6A /* ViewController.swift */ = {isa = PBXFileReference; lastKnownFileType = sourcecode.swift; path = ViewController.swift; sourceTree = "<group>"; };
		75B4CE3C27281DF900F66A6A /* Base */ = {isa = PBXFileReference; lastKnownFileType = file.storyboard; name = Base; path = Base.lproj/Main.storyboard; sourceTree = "<group>"; };
		75B4CE3E27281DFC00F66A6A /* Assets.xcassets */ = {isa = PBXFileReference; lastKnownFileType = folder.assetcatalog; path = Assets.xcassets; sourceTree = "<group>"; };
		75B4CE4127281DFC00F66A6A /* Base */ = {isa = PBXFileReference; lastKnownFileType = file.storyboard; name = Base; path = Base.lproj/LaunchScreen.storyboard; sourceTree = "<group>"; };
		75B4CE4327281DFC00F66A6A /* Info.plist */ = {isa = PBXFileReference; lastKnownFileType = text.plist.xml; path = Info.plist; sourceTree = "<group>"; };
		75B4CE4827281DFC00F66A6A /* DimitriSMITH_Protocol_DemoTests.xctest */ = {isa = PBXFileReference; explicitFileType = wrapper.cfbundle; includeInIndex = 0; path = DimitriSMITH_Protocol_DemoTests.xctest; sourceTree = BUILT_PRODUCTS_DIR; };
		75B4CE4C27281DFC00F66A6A /* DimitriSMITH_Protocol_DemoTests.swift */ = {isa = PBXFileReference; lastKnownFileType = sourcecode.swift; path = DimitriSMITH_Protocol_DemoTests.swift; sourceTree = "<group>"; };
		75B4CE5227281DFC00F66A6A /* DimitriSMITH_Protocol_DemoUITests.xctest */ = {isa = PBXFileReference; explicitFileType = wrapper.cfbundle; includeInIndex = 0; path = DimitriSMITH_Protocol_DemoUITests.xctest; sourceTree = BUILT_PRODUCTS_DIR; };
		75B4CE5627281DFC00F66A6A /* DimitriSMITH_Protocol_DemoUITests.swift */ = {isa = PBXFileReference; lastKnownFileType = sourcecode.swift; path = DimitriSMITH_Protocol_DemoUITests.swift; sourceTree = "<group>"; };
		75B4CE5827281DFC00F66A6A /* DimitriSMITH_Protocol_DemoUITestsLaunchTests.swift */ = {isa = PBXFileReference; lastKnownFileType = sourcecode.swift; path = DimitriSMITH_Protocol_DemoUITestsLaunchTests.swift; sourceTree = "<group>"; };
/* End PBXFileReference section */

/* Begin PBXFrameworksBuildPhase section */
		75B4CE2F27281DF900F66A6A /* Frameworks */ = {
			isa = PBXFrameworksBuildPhase;
			buildActionMask = 2147483647;
			files = (
			);
			runOnlyForDeploymentPostprocessing = 0;
		};
		75B4CE4527281DFC00F66A6A /* Frameworks */ = {
			isa = PBXFrameworksBuildPhase;
			buildActionMask = 2147483647;
			files = (
			);
			runOnlyForDeploymentPostprocessing = 0;
		};
		75B4CE4F27281DFC00F66A6A /* Frameworks */ = {
			isa = PBXFrameworksBuildPhase;
			buildActionMask = 2147483647;
			files = (
			);
			runOnlyForDeploymentPostprocessing = 0;
		};
/* End PBXFrameworksBuildPhase section */

/* Begin PBXGroup section */
		75B4CE2927281DF900F66A6A = {
			isa = PBXGroup;
			children = (
				75B4CE3427281DF900F66A6A /* DimitriSMITH_Protocol_Demo */,
				75B4CE4B27281DFC00F66A6A /* DimitriSMITH_Protocol_DemoTests */,
				75B4CE5527281DFC00F66A6A /* DimitriSMITH_Protocol_DemoUITests */,
				75B4CE3327281DF900F66A6A /* Products */,
			);
			sourceTree = "<group>";
		};
		75B4CE3327281DF900F66A6A /* Products */ = {
			isa = PBXGroup;
			children = (
				75B4CE3227281DF900F66A6A /* DimitriSMITH_Protocol_Demo.app */,
				75B4CE4827281DFC00F66A6A /* DimitriSMITH_Protocol_DemoTests.xctest */,
				75B4CE5227281DFC00F66A6A /* DimitriSMITH_Protocol_DemoUITests.xctest */,
			);
			name = Products;
			sourceTree = "<group>";
		};
		75B4CE3427281DF900F66A6A /* DimitriSMITH_Protocol_Demo */ = {
			isa = PBXGroup;
			children = (
				75B4CE3527281DF900F66A6A /* AppDelegate.swift */,
				75B4CE3727281DF900F66A6A /* SceneDelegate.swift */,
				75B4CE3927281DF900F66A6A /* ViewController.swift */,
				75B4CE3B27281DF900F66A6A /* Main.storyboard */,
				75B4CE3E27281DFC00F66A6A /* Assets.xcassets */,
				75B4CE4027281DFC00F66A6A /* LaunchScreen.storyboard */,
				75B4CE4327281DFC00F66A6A /* Info.plist */,
			);
			path = DimitriSMITH_Protocol_Demo;
			sourceTree = "<group>";
		};
		75B4CE4B27281DFC00F66A6A /* DimitriSMITH_Protocol_DemoTests */ = {
			isa = PBXGroup;
			children = (
				75B4CE4C27281DFC00F66A6A /* DimitriSMITH_Protocol_DemoTests.swift */,
			);
			path = DimitriSMITH_Protocol_DemoTests;
			sourceTree = "<group>";
		};
		75B4CE5527281DFC00F66A6A /* DimitriSMITH_Protocol_DemoUITests */ = {
			isa = PBXGroup;
			children = (
				75B4CE5627281DFC00F66A6A /* DimitriSMITH_Protocol_DemoUITests.swift */,
				75B4CE5827281DFC00F66A6A /* DimitriSMITH_Protocol_DemoUITestsLaunchTests.swift */,
			);
			path = DimitriSMITH_Protocol_DemoUITests;
			sourceTree = "<group>";
		};
/* End PBXGroup section */

/* Begin PBXNativeTarget section */
		75B4CE3127281DF900F66A6A /* DimitriSMITH_Protocol_Demo */ = {
			isa = PBXNativeTarget;
			buildConfigurationList = 75B4CE5C27281DFC00F66A6A /* Build configuration list for PBXNativeTarget "DimitriSMITH_Protocol_Demo" */;
			buildPhases = (
				75B4CE2E27281DF900F66A6A /* Sources */,
				75B4CE2F27281DF900F66A6A /* Frameworks */,
				75B4CE3027281DF900F66A6A /* Resources */,
			);
			buildRules = (
			);
			dependencies = (
			);
			name = DimitriSMITH_Protocol_Demo;
			productName = DimitriSMITH_Protocol_Demo;
			productReference = 75B4CE3227281DF900F66A6A /* DimitriSMITH_Protocol_Demo.app */;
			productType = "com.apple.product-type.application";
		};
		75B4CE4727281DFC00F66A6A /* DimitriSMITH_Protocol_DemoTests */ = {
			isa = PBXNativeTarget;
			buildConfigurationList = 75B4CE5F27281DFC00F66A6A /* Build configuration list for PBXNativeTarget "DimitriSMITH_Protocol_DemoTests" */;
			buildPhases = (
				75B4CE4427281DFC00F66A6A /* Sources */,
				75B4CE4527281DFC00F66A6A /* Frameworks */,
				75B4CE4627281DFC00F66A6A /* Resources */,
			);
			buildRules = (
			);
			dependencies = (
				75B4CE4A27281DFC00F66A6A /* PBXTargetDependency */,
			);
			name = DimitriSMITH_Protocol_DemoTests;
			productName = DimitriSMITH_Protocol_DemoTests;
			productReference = 75B4CE4827281DFC00F66A6A /* DimitriSMITH_Protocol_DemoTests.xctest */;
			productType = "com.apple.product-type.bundle.unit-test";
		};
		75B4CE5127281DFC00F66A6A /* DimitriSMITH_Protocol_DemoUITests */ = {
			isa = PBXNativeTarget;
			buildConfigurationList = 75B4CE6227281DFC00F66A6A /* Build configuration list for PBXNativeTarget "DimitriSMITH_Protocol_DemoUITests" */;
			buildPhases = (
				75B4CE4E27281DFC00F66A6A /* Sources */,
				75B4CE4F27281DFC00F66A6A /* Frameworks */,
				75B4CE5027281DFC00F66A6A /* Resources */,
			);
			buildRules = (
			);
			dependencies = (
				75B4CE5427281DFC00F66A6A /* PBXTargetDependency */,
			);
			name = DimitriSMITH_Protocol_DemoUITests;
			productName = DimitriSMITH_Protocol_DemoUITests;
			productReference = 75B4CE5227281DFC00F66A6A /* DimitriSMITH_Protocol_DemoUITests.xctest */;
			productType = "com.apple.product-type.bundle.ui-testing";
		};
/* End PBXNativeTarget section */

/* Begin PBXProject section */
		75B4CE2A27281DF900F66A6A /* Project object */ = {
			isa = PBXProject;
			attributes = {
				BuildIndependentTargetsInParallel = 1;
				LastSwiftUpdateCheck = 1300;
				LastUpgradeCheck = 1300;
				TargetAttributes = {
					75B4CE3127281DF900F66A6A = {
						CreatedOnToolsVersion = 13.0;
					};
					75B4CE4727281DFC00F66A6A = {
						CreatedOnToolsVersion = 13.0;
						TestTargetID = 75B4CE3127281DF900F66A6A;
					};
					75B4CE5127281DFC00F66A6A = {
						CreatedOnToolsVersion = 13.0;
						TestTargetID = 75B4CE3127281DF900F66A6A;
					};
				};
			};
			buildConfigurationList = 75B4CE2D27281DF900F66A6A /* Build configuration list for PBXProject "DimitriSMITH_Protocol_Demo" */;
			compatibilityVersion = "Xcode 13.0";
			developmentRegion = en;
			hasScannedForEncodings = 0;
			knownRegions = (
				en,
				Base,
			);
			mainGroup = 75B4CE2927281DF900F66A6A;
			productRefGroup = 75B4CE3327281DF900F66A6A /* Products */;
			projectDirPath = "";
			projectRoot = "";
			targets = (
				75B4CE3127281DF900F66A6A /* DimitriSMITH_Protocol_Demo */,
				75B4CE4727281DFC00F66A6A /* DimitriSMITH_Protocol_DemoTests */,
				75B4CE5127281DFC00F66A6A /* DimitriSMITH_Protocol_DemoUITests */,
			);
		};
/* End PBXProject section */

/* Begin PBXResourcesBuildPhase section */
		75B4CE3027281DF900F66A6A /* Resources */ = {
			isa = PBXResourcesBuildPhase;
			buildActionMask = 2147483647;
			files = (
				75B4CE4227281DFC00F66A6A /* LaunchScreen.storyboard in Resources */,
				75B4CE3F27281DFC00F66A6A /* Assets.xcassets in Resources */,
				75B4CE3D27281DF900F66A6A /* Main.storyboard in Resources */,
			);
			runOnlyForDeploymentPostprocessing = 0;
		};
		75B4CE4627281DFC00F66A6A /* Resources */ = {
			isa = PBXResourcesBuildPhase;
			buildActionMask = 2147483647;
			files = (
			);
			runOnlyForDeploymentPostprocessing = 0;
		};
		75B4CE5027281DFC00F66A6A /* Resources */ = {
			isa = PBXResourcesBuildPhase;
			buildActionMask = 2147483647;
			files = (
			);
			runOnlyForDeploymentPostprocessing = 0;
		};
/* End PBXResourcesBuildPhase section */

/* Begin PBXSourcesBuildPhase section */
		75B4CE2E27281DF900F66A6A /* Sources */ = {
			isa = PBXSourcesBuildPhase;
			buildActionMask = 2147483647;
			files = (
				75B4CE3A27281DF900F66A6A /* ViewController.swift in Sources */,
				75B4CE3627281DF900F66A6A /* AppDelegate.swift in Sources */,
				75B4CE3827281DF900F66A6A /* SceneDelegate.swift in Sources */,
			);
			runOnlyForDeploymentPostprocessing = 0;
		};
		75B4CE4427281DFC00F66A6A /* Sources */ = {
			isa = PBXSourcesBuildPhase;
			buildActionMask = 2147483647;
			files = (
				75B4CE4D27281DFC00F66A6A /* DimitriSMITH_Protocol_DemoTests.swift in Sources */,
			);
			runOnlyForDeploymentPostprocessing = 0;
		};
		75B4CE4E27281DFC00F66A6A /* Sources */ = {
			isa = PBXSourcesBuildPhase;
			buildActionMask = 2147483647;
			files = (
				75B4CE5927281DFC00F66A6A /* DimitriSMITH_Protocol_DemoUITestsLaunchTests.swift in Sources */,
				75B4CE5727281DFC00F66A6A /* DimitriSMITH_Protocol_DemoUITests.swift in Sources */,
			);
			runOnlyForDeploymentPostprocessing = 0;
		};
/* End PBXSourcesBuildPhase section */

/* Begin PBXTargetDependency section */
		75B4CE4A27281DFC00F66A6A /* PBXTargetDependency */ = {
			isa = PBXTargetDependency;
			target = 75B4CE3127281DF900F66A6A /* DimitriSMITH_Protocol_Demo */;
			targetProxy = 75B4CE4927281DFC00F66A6A /* PBXContainerItemProxy */;
		};
		75B4CE5427281DFC00F66A6A /* PBXTargetDependency */ = {
			isa = PBXTargetDependency;
			target = 75B4CE3127281DF900F66A6A /* DimitriSMITH_Protocol_Demo */;
			targetProxy = 75B4CE5327281DFC00F66A6A /* PBXContainerItemProxy */;
		};
/* End PBXTargetDependency section */

/* Begin PBXVariantGroup section */
		75B4CE3B27281DF900F66A6A /* Main.storyboard */ = {
			isa = PBXVariantGroup;
			children = (
				75B4CE3C27281DF900F66A6A /* Base */,
			);
			name = Main.storyboard;
			sourceTree = "<group>";
		};
		75B4CE4027281DFC00F66A6A /* LaunchScreen.storyboard */ = {
			isa = PBXVariantGroup;
			children = (
				75B4CE4127281DFC00F66A6A /* Base */,
			);
			name = LaunchScreen.storyboard;
			sourceTree = "<group>";
		};
/* End PBXVariantGroup section */

/* Begin XCBuildConfiguration section */
		75B4CE5A27281DFC00F66A6A /* Debug */ = {
			isa = XCBuildConfiguration;
			buildSettings = {
				ALWAYS_SEARCH_USER_PATHS = NO;
				CLANG_ANALYZER_NONNULL = YES;
				CLANG_ANALYZER_NUMBER_OBJECT_CONVERSION = YES_AGGRESSIVE;
				CLANG_CXX_LANGUAGE_STANDARD = "gnu++17";
				CLANG_CXX_LIBRARY = "libc++";
				CLANG_ENABLE_MODULES = YES;
				CLANG_ENABLE_OBJC_ARC = YES;
				CLANG_ENABLE_OBJC_WEAK = YES;
				CLANG_WARN_BLOCK_CAPTURE_AUTORELEASING = YES;
				CLANG_WARN_BOOL_CONVERSION = YES;
				CLANG_WARN_COMMA = YES;
				CLANG_WARN_CONSTANT_CONVERSION = YES;
				CLANG_WARN_DEPRECATED_OBJC_IMPLEMENTATIONS = YES;
				CLANG_WARN_DIRECT_OBJC_ISA_USAGE = YES_ERROR;
				CLANG_WARN_DOCUMENTATION_COMMENTS = YES;
				CLANG_WARN_EMPTY_BODY = YES;
				CLANG_WARN_ENUM_CONVERSION = YES;
				CLANG_WARN_INFINITE_RECURSION = YES;
				CLANG_WARN_INT_CONVERSION = YES;
				CLANG_WARN_NON_LITERAL_NULL_CONVERSION = YES;
				CLANG_WARN_OBJC_IMPLICIT_RETAIN_SELF = YES;
				CLANG_WARN_OBJC_LITERAL_CONVERSION = YES;
				CLANG_WARN_OBJC_ROOT_CLASS = YES_ERROR;
				CLANG_WARN_QUOTED_INCLUDE_IN_FRAMEWORK_HEADER = YES;
				CLANG_WARN_RANGE_LOOP_ANALYSIS = YES;
				CLANG_WARN_STRICT_PROTOTYPES = YES;
				CLANG_WARN_SUSPICIOUS_MOVE = YES;
				CLANG_WARN_UNGUARDED_AVAILABILITY = YES_AGGRESSIVE;
				CLANG_WARN_UNREACHABLE_CODE = YES;
				CLANG_WARN__DUPLICATE_METHOD_MATCH = YES;
				COPY_PHASE_STRIP = NO;
				DEBUG_INFORMATION_FORMAT = dwarf;
				ENABLE_STRICT_OBJC_MSGSEND = YES;
				ENABLE_TESTABILITY = YES;
				GCC_C_LANGUAGE_STANDARD = gnu11;
				GCC_DYNAMIC_NO_PIC = NO;
				GCC_NO_COMMON_BLOCKS = YES;
				GCC_OPTIMIZATION_LEVEL = 0;
				GCC_PREPROCESSOR_DEFINITIONS = (
					"DEBUG=1",
					"$(inherited)",
				);
				GCC_WARN_64_TO_32_BIT_CONVERSION = YES;
				GCC_WARN_ABOUT_RETURN_TYPE = YES_ERROR;
				GCC_WARN_UNDECLARED_SELECTOR = YES;
				GCC_WARN_UNINITIALIZED_AUTOS = YES_AGGRESSIVE;
				GCC_WARN_UNUSED_FUNCTION = YES;
				GCC_WARN_UNUSED_VARIABLE = YES;
				IPHONEOS_DEPLOYMENT_TARGET = 15.0;
				MTL_ENABLE_DEBUG_INFO = INCLUDE_SOURCE;
				MTL_FAST_MATH = YES;
				ONLY_ACTIVE_ARCH = YES;
				SDKROOT = iphoneos;
				SWIFT_ACTIVE_COMPILATION_CONDITIONS = DEBUG;
				SWIFT_OPTIMIZATION_LEVEL = "-Onone";
			};
			name = Debug;
		};
		75B4CE5B27281DFC00F66A6A /* Release */ = {
			isa = XCBuildConfiguration;
			buildSettings = {
				ALWAYS_SEARCH_USER_PATHS = NO;
				CLANG_ANALYZER_NONNULL = YES;
				CLANG_ANALYZER_NUMBER_OBJECT_CONVERSION = YES_AGGRESSIVE;
				CLANG_CXX_LANGUAGE_STANDARD = "gnu++17";
				CLANG_CXX_LIBRARY = "libc++";
				CLANG_ENABLE_MODULES = YES;
				CLANG_ENABLE_OBJC_ARC = YES;
				CLANG_ENABLE_OBJC_WEAK = YES;
				CLANG_WARN_BLOCK_CAPTURE_AUTORELEASING = YES;
				CLANG_WARN_BOOL_CONVERSION = YES;
				CLANG_WARN_COMMA = YES;
				CLANG_WARN_CONSTANT_CONVERSION = YES;
				CLANG_WARN_DEPRECATED_OBJC_IMPLEMENTATIONS = YES;
				CLANG_WARN_DIRECT_OBJC_ISA_USAGE = YES_ERROR;
				CLANG_WARN_DOCUMENTATION_COMMENTS = YES;
				CLANG_WARN_EMPTY_BODY = YES;
				CLANG_WARN_ENUM_CONVERSION = YES;
				CLANG_WARN_INFINITE_RECURSION = YES;
				CLANG_WARN_INT_CONVERSION = YES;
				CLANG_WARN_NON_LITERAL_NULL_CONVERSION = YES;
				CLANG_WARN_OBJC_IMPLICIT_RETAIN_SELF = YES;
				CLANG_WARN_OBJC_LITERAL_CONVERSION = YES;
				CLANG_WARN_OBJC_ROOT_CLASS = YES_ERROR;
				CLANG_WARN_QUOTED_INCLUDE_IN_FRAMEWORK_HEADER = YES;
				CLANG_WARN_RANGE_LOOP_ANALYSIS = YES;
				CLANG_WARN_STRICT_PROTOTYPES = YES;
				CLANG_WARN_SUSPICIOUS_MOVE = YES;
				CLANG_WARN_UNGUARDED_AVAILABILITY = YES_AGGRESSIVE;
				CLANG_WARN_UNREACHABLE_CODE = YES;
				CLANG_WARN__DUPLICATE_METHOD_MATCH = YES;
				COPY_PHASE_STRIP = NO;
				DEBUG_INFORMATION_FORMAT = "dwarf-with-dsym";
				ENABLE_NS_ASSERTIONS = NO;
				ENABLE_STRICT_OBJC_MSGSEND = YES;
				GCC_C_LANGUAGE_STANDARD = gnu11;
				GCC_NO_COMMON_BLOCKS = YES;
				GCC_WARN_64_TO_32_BIT_CONVERSION = YES;
				GCC_WARN_ABOUT_RETURN_TYPE = YES_ERROR;
				GCC_WARN_UNDECLARED_SELECTOR = YES;
				GCC_WARN_UNINITIALIZED_AUTOS = YES_AGGRESSIVE;
				GCC_WARN_UNUSED_FUNCTION = YES;
				GCC_WARN_UNUSED_VARIABLE = YES;
				IPHONEOS_DEPLOYMENT_TARGET = 15.0;
				MTL_ENABLE_DEBUG_INFO = NO;
				MTL_FAST_MATH = YES;
				SDKROOT = iphoneos;
				SWIFT_COMPILATION_MODE = wholemodule;
				SWIFT_OPTIMIZATION_LEVEL = "-O";
				VALIDATE_PRODUCT = YES;
			};
			name = Release;
		};
		75B4CE5D27281DFC00F66A6A /* Debug */ = {
			isa = XCBuildConfiguration;
			buildSettings = {
				ASSETCATALOG_COMPILER_APPICON_NAME = AppIcon;
				ASSETCATALOG_COMPILER_GLOBAL_ACCENT_COLOR_NAME = AccentColor;
				CODE_SIGN_STYLE = Automatic;
				CURRENT_PROJECT_VERSION = 1;
				DEVELOPMENT_TEAM = JMX9BV4ZM4;
				GENERATE_INFOPLIST_FILE = YES;
				INFOPLIST_FILE = DimitriSMITH_Protocol_Demo/Info.plist;
				INFOPLIST_KEY_UIApplicationSupportsIndirectInputEvents = YES;
				INFOPLIST_KEY_UILaunchStoryboardName = LaunchScreen;
				INFOPLIST_KEY_UIMainStoryboardFile = Main;
				INFOPLIST_KEY_UISupportedInterfaceOrientations_iPad = "UIInterfaceOrientationPortrait UIInterfaceOrientationPortraitUpsideDown UIInterfaceOrientationLandscapeLeft UIInterfaceOrientationLandscapeRight";
				INFOPLIST_KEY_UISupportedInterfaceOrientations_iPhone = "UIInterfaceOrientationPortrait UIInterfaceOrientationLandscapeLeft UIInterfaceOrientationLandscapeRight";
				LD_RUNPATH_SEARCH_PATHS = (
					"$(inherited)",
					"@executable_path/Frameworks",
				);
				MARKETING_VERSION = 1.0;
				PRODUCT_BUNDLE_IDENTIFIER = "tuwaiq.ios.DimitriSMITH-Protocol-Demo";
				PRODUCT_NAME = "$(TARGET_NAME)";
				SWIFT_EMIT_LOC_STRINGS = YES;
				SWIFT_VERSION = 5.0;
				TARGETED_DEVICE_FAMILY = "1,2";
			};
			name = Debug;
		};
		75B4CE5E27281DFC00F66A6A /* Release */ = {
			isa = XCBuildConfiguration;
			buildSettings = {
				ASSETCATALOG_COMPILER_APPICON_NAME = AppIcon;
				ASSETCATALOG_COMPILER_GLOBAL_ACCENT_COLOR_NAME = AccentColor;
				CODE_SIGN_STYLE = Automatic;
				CURRENT_PROJECT_VERSION = 1;
				DEVELOPMENT_TEAM = JMX9BV4ZM4;
				GENERATE_INFOPLIST_FILE = YES;
				INFOPLIST_FILE = DimitriSMITH_Protocol_Demo/Info.plist;
				INFOPLIST_KEY_UIApplicationSupportsIndirectInputEvents = YES;
				INFOPLIST_KEY_UILaunchStoryboardName = LaunchScreen;
				INFOPLIST_KEY_UIMainStoryboardFile = Main;
				INFOPLIST_KEY_UISupportedInterfaceOrientations_iPad = "UIInterfaceOrientationPortrait UIInterfaceOrientationPortraitUpsideDown UIInterfaceOrientationLandscapeLeft UIInterfaceOrientationLandscapeRight";
				INFOPLIST_KEY_UISupportedInterfaceOrientations_iPhone = "UIInterfaceOrientationPortrait UIInterfaceOrientationLandscapeLeft UIInterfaceOrientationLandscapeRight";
				LD_RUNPATH_SEARCH_PATHS = (
					"$(inherited)",
					"@executable_path/Frameworks",
				);
				MARKETING_VERSION = 1.0;
				PRODUCT_BUNDLE_IDENTIFIER = "tuwaiq.ios.DimitriSMITH-Protocol-Demo";
				PRODUCT_NAME = "$(TARGET_NAME)";
				SWIFT_EMIT_LOC_STRINGS = YES;
				SWIFT_VERSION = 5.0;
				TARGETED_DEVICE_FAMILY = "1,2";
			};
			name = Release;
		};
		75B4CE6027281DFC00F66A6A /* Debug */ = {
			isa = XCBuildConfiguration;
			buildSettings = {
				ALWAYS_EMBED_SWIFT_STANDARD_LIBRARIES = YES;
				BUNDLE_LOADER = "$(TEST_HOST)";
				CODE_SIGN_STYLE = Automatic;
				CURRENT_PROJECT_VERSION = 1;
				DEVELOPMENT_TEAM = JMX9BV4ZM4;
				GENERATE_INFOPLIST_FILE = YES;
				IPHONEOS_DEPLOYMENT_TARGET = 15.0;
				LD_RUNPATH_SEARCH_PATHS = (
					"$(inherited)",
					"@executable_path/Frameworks",
					"@loader_path/Frameworks",
				);
				MARKETING_VERSION = 1.0;
				PRODUCT_BUNDLE_IDENTIFIER = "tuwaiq.ios.DimitriSMITH-Protocol-DemoTests";
				PRODUCT_NAME = "$(TARGET_NAME)";
				SWIFT_EMIT_LOC_STRINGS = NO;
				SWIFT_VERSION = 5.0;
				TARGETED_DEVICE_FAMILY = "1,2";
				TEST_HOST = "$(BUILT_PRODUCTS_DIR)/DimitriSMITH_Protocol_Demo.app/DimitriSMITH_Protocol_Demo";
			};
			name = Debug;
		};
		75B4CE6127281DFC00F66A6A /* Release */ = {
			isa = XCBuildConfiguration;
			buildSettings = {
				ALWAYS_EMBED_SWIFT_STANDARD_LIBRARIES = YES;
				BUNDLE_LOADER = "$(TEST_HOST)";
				CODE_SIGN_STYLE = Automatic;
				CURRENT_PROJECT_VERSION = 1;
				DEVELOPMENT_TEAM = JMX9BV4ZM4;
				GENERATE_INFOPLIST_FILE = YES;
				IPHONEOS_DEPLOYMENT_TARGET = 15.0;
				LD_RUNPATH_SEARCH_PATHS = (
					"$(inherited)",
					"@executable_path/Frameworks",
					"@loader_path/Frameworks",
				);
				MARKETING_VERSION = 1.0;
				PRODUCT_BUNDLE_IDENTIFIER = "tuwaiq.ios.DimitriSMITH-Protocol-DemoTests";
				PRODUCT_NAME = "$(TARGET_NAME)";
				SWIFT_EMIT_LOC_STRINGS = NO;
				SWIFT_VERSION = 5.0;
				TARGETED_DEVICE_FAMILY = "1,2";
				TEST_HOST = "$(BUILT_PRODUCTS_DIR)/DimitriSMITH_Protocol_Demo.app/DimitriSMITH_Protocol_Demo";
			};
			name = Release;
		};
		75B4CE6327281DFC00F66A6A /* Debug */ = {
			isa = XCBuildConfiguration;
			buildSettings = {
				ALWAYS_EMBED_SWIFT_STANDARD_LIBRARIES = YES;
				CODE_SIGN_STYLE = Automatic;
				CURRENT_PROJECT_VERSION = 1;
				DEVELOPMENT_TEAM = JMX9BV4ZM4;
				GENERATE_INFOPLIST_FILE = YES;
				LD_RUNPATH_SEARCH_PATHS = (
					"$(inherited)",
					"@executable_path/Frameworks",
					"@loader_path/Frameworks",
				);
				MARKETING_VERSION = 1.0;
				PRODUCT_BUNDLE_IDENTIFIER = "tuwaiq.ios.DimitriSMITH-Protocol-DemoUITests";
				PRODUCT_NAME = "$(TARGET_NAME)";
				SWIFT_EMIT_LOC_STRINGS = NO;
				SWIFT_VERSION = 5.0;
				TARGETED_DEVICE_FAMILY = "1,2";
				TEST_TARGET_NAME = DimitriSMITH_Protocol_Demo;
			};
			name = Debug;
		};
		75B4CE6427281DFC00F66A6A /* Release */ = {
			isa = XCBuildConfiguration;
			buildSettings = {
				ALWAYS_EMBED_SWIFT_STANDARD_LIBRARIES = YES;
				CODE_SIGN_STYLE = Automatic;
				CURRENT_PROJECT_VERSION = 1;
				DEVELOPMENT_TEAM = JMX9BV4ZM4;
				GENERATE_INFOPLIST_FILE = YES;
				LD_RUNPATH_SEARCH_PATHS = (
					"$(inherited)",
					"@executable_path/Frameworks",
					"@loader_path/Frameworks",
				);
				MARKETING_VERSION = 1.0;
				PRODUCT_BUNDLE_IDENTIFIER = "tuwaiq.ios.DimitriSMITH-Protocol-DemoUITests";
				PRODUCT_NAME = "$(TARGET_NAME)";
				SWIFT_EMIT_LOC_STRINGS = NO;
				SWIFT_VERSION = 5.0;
				TARGETED_DEVICE_FAMILY = "1,2";
				TEST_TARGET_NAME = DimitriSMITH_Protocol_Demo;
			};
			name = Release;
		};
/* End XCBuildConfiguration section */

/* Begin XCConfigurationList section */
		75B4CE2D27281DF900F66A6A /* Build configuration list for PBXProject "DimitriSMITH_Protocol_Demo" */ = {
			isa = XCConfigurationList;
			buildConfigurations = (
				75B4CE5A27281DFC00F66A6A /* Debug */,
				75B4CE5B27281DFC00F66A6A /* Release */,
			);
			defaultConfigurationIsVisible = 0;
			defaultConfigurationName = Release;
		};
		75B4CE5C27281DFC00F66A6A /* Build configuration list for PBXNativeTarget "DimitriSMITH_Protocol_Demo" */ = {
			isa = XCConfigurationList;
			buildConfigurations = (
				75B4CE5D27281DFC00F66A6A /* Debug */,
				75B4CE5E27281DFC00F66A6A /* Release */,
			);
			defaultConfigurationIsVisible = 0;
			defaultConfigurationName = Release;
		};
		75B4CE5F27281DFC00F66A6A /* Build configuration list for PBXNativeTarget "DimitriSMITH_Protocol_DemoTests" */ = {
			isa = XCConfigurationList;
			buildConfigurations = (
				75B4CE6027281DFC00F66A6A /* Debug */,
				75B4CE6127281DFC00F66A6A /* Release */,
			);
			defaultConfigurationIsVisible = 0;
			defaultConfigurationName = Release;
		};
		75B4CE6227281DFC00F66A6A /* Build configuration list for PBXNativeTarget "DimitriSMITH_Protocol_DemoUITests" */ = {
			isa = XCConfigurationList;
			buildConfigurations = (
				75B4CE6327281DFC00F66A6A /* Debug */,
				75B4CE6427281DFC00F66A6A /* Release */,
			);
			defaultConfigurationIsVisible = 0;
			defaultConfigurationName = Release;
		};
/* End XCConfigurationList section */
	};
	rootObject = 75B4CE2A27281DF900F66A6A /* Project object */;
}
