// !$*UTF8*$!
{
	archiveVersion = 1;
	classes = {
	};
	objectVersion = 55;
	objects = {

/* Begin PBXBuildFile section */
		7A10580A2729389E0098419C /* AppDelegate.swift in Sources */ = {isa = PBXBuildFile; fileRef = 7A1058092729389E0098419C /* AppDelegate.swift */; };
		7A10580C2729389E0098419C /* SceneDelegate.swift in Sources */ = {isa = PBXBuildFile; fileRef = 7A10580B2729389E0098419C /* SceneDelegate.swift */; };
		7A10580E2729389E0098419C /* ViewController.swift in Sources */ = {isa = PBXBuildFile; fileRef = 7A10580D2729389E0098419C /* ViewController.swift */; };
		7A1058112729389E0098419C /* Main.storyboard in Resources */ = {isa = PBXBuildFile; fileRef = 7A10580F2729389E0098419C /* Main.storyboard */; };
		7A105813272938A00098419C /* Assets.xcassets in Resources */ = {isa = PBXBuildFile; fileRef = 7A105812272938A00098419C /* Assets.xcassets */; };
		7A105816272938A00098419C /* LaunchScreen.storyboard in Resources */ = {isa = PBXBuildFile; fileRef = 7A105814272938A00098419C /* LaunchScreen.storyboard */; };
		7A105821272938A10098419C /* nasser_aliTests.swift in Sources */ = {isa = PBXBuildFile; fileRef = 7A105820272938A10098419C /* nasser_aliTests.swift */; };
		7A10582B272938A10098419C /* nasser_aliUITests.swift in Sources */ = {isa = PBXBuildFile; fileRef = 7A10582A272938A10098419C /* nasser_aliUITests.swift */; };
		7A10582D272938A10098419C /* nasser_aliUITestsLaunchTests.swift in Sources */ = {isa = PBXBuildFile; fileRef = 7A10582C272938A10098419C /* nasser_aliUITestsLaunchTests.swift */; };
/* End PBXBuildFile section */

/* Begin PBXContainerItemProxy section */
		7A10581D272938A10098419C /* PBXContainerItemProxy */ = {
			isa = PBXContainerItemProxy;
			containerPortal = 7A1057FE2729389E0098419C /* Project object */;
			proxyType = 1;
			remoteGlobalIDString = 7A1058052729389E0098419C;
			remoteInfo = "nasser ali";
		};
		7A105827272938A10098419C /* PBXContainerItemProxy */ = {
			isa = PBXContainerItemProxy;
			containerPortal = 7A1057FE2729389E0098419C /* Project object */;
			proxyType = 1;
			remoteGlobalIDString = 7A1058052729389E0098419C;
			remoteInfo = "nasser ali";
		};
/* End PBXContainerItemProxy section */

/* Begin PBXFileReference section */
		7A1058062729389E0098419C /* nasser ali.app */ = {isa = PBXFileReference; explicitFileType = wrapper.application; includeInIndex = 0; path = "nasser ali.app"; sourceTree = BUILT_PRODUCTS_DIR; };
		7A1058092729389E0098419C /* AppDelegate.swift */ = {isa = PBXFileReference; lastKnownFileType = sourcecode.swift; path = AppDelegate.swift; sourceTree = "<group>"; };
		7A10580B2729389E0098419C /* SceneDelegate.swift */ = {isa = PBXFileReference; lastKnownFileType = sourcecode.swift; path = SceneDelegate.swift; sourceTree = "<group>"; };
		7A10580D2729389E0098419C /* ViewController.swift */ = {isa = PBXFileReference; lastKnownFileType = sourcecode.swift; path = ViewController.swift; sourceTree = "<group>"; };
		7A1058102729389E0098419C /* Base */ = {isa = PBXFileReference; lastKnownFileType = file.storyboard; name = Base; path = Base.lproj/Main.storyboard; sourceTree = "<group>"; };
		7A105812272938A00098419C /* Assets.xcassets */ = {isa = PBXFileReference; lastKnownFileType = folder.assetcatalog; path = Assets.xcassets; sourceTree = "<group>"; };
		7A105815272938A00098419C /* Base */ = {isa = PBXFileReference; lastKnownFileType = file.storyboard; name = Base; path = Base.lproj/LaunchScreen.storyboard; sourceTree = "<group>"; };
		7A105817272938A00098419C /* Info.plist */ = {isa = PBXFileReference; lastKnownFileType = text.plist.xml; path = Info.plist; sourceTree = "<group>"; };
		7A10581C272938A10098419C /* nasser aliTests.xctest */ = {isa = PBXFileReference; explicitFileType = wrapper.cfbundle; includeInIndex = 0; path = "nasser aliTests.xctest"; sourceTree = BUILT_PRODUCTS_DIR; };
		7A105820272938A10098419C /* nasser_aliTests.swift */ = {isa = PBXFileReference; lastKnownFileType = sourcecode.swift; path = nasser_aliTests.swift; sourceTree = "<group>"; };
		7A105826272938A10098419C /* nasser aliUITests.xctest */ = {isa = PBXFileReference; explicitFileType = wrapper.cfbundle; includeInIndex = 0; path = "nasser aliUITests.xctest"; sourceTree = BUILT_PRODUCTS_DIR; };
		7A10582A272938A10098419C /* nasser_aliUITests.swift */ = {isa = PBXFileReference; lastKnownFileType = sourcecode.swift; path = nasser_aliUITests.swift; sourceTree = "<group>"; };
		7A10582C272938A10098419C /* nasser_aliUITestsLaunchTests.swift */ = {isa = PBXFileReference; lastKnownFileType = sourcecode.swift; path = nasser_aliUITestsLaunchTests.swift; sourceTree = "<group>"; };
/* End PBXFileReference section */

/* Begin PBXFrameworksBuildPhase section */
		7A1058032729389E0098419C /* Frameworks */ = {
			isa = PBXFrameworksBuildPhase;
			buildActionMask = 2147483647;
			files = (
			);
			runOnlyForDeploymentPostprocessing = 0;
		};
		7A105819272938A10098419C /* Frameworks */ = {
			isa = PBXFrameworksBuildPhase;
			buildActionMask = 2147483647;
			files = (
			);
			runOnlyForDeploymentPostprocessing = 0;
		};
		7A105823272938A10098419C /* Frameworks */ = {
			isa = PBXFrameworksBuildPhase;
			buildActionMask = 2147483647;
			files = (
			);
			runOnlyForDeploymentPostprocessing = 0;
		};
/* End PBXFrameworksBuildPhase section */

/* Begin PBXGroup section */
		7A1057FD2729389E0098419C = {
			isa = PBXGroup;
			children = (
				7A1058082729389E0098419C /* nasser ali */,
				7A10581F272938A10098419C /* nasser aliTests */,
				7A105829272938A10098419C /* nasser aliUITests */,
				7A1058072729389E0098419C /* Products */,
			);
			sourceTree = "<group>";
		};
		7A1058072729389E0098419C /* Products */ = {
			isa = PBXGroup;
			children = (
				7A1058062729389E0098419C /* nasser ali.app */,
				7A10581C272938A10098419C /* nasser aliTests.xctest */,
				7A105826272938A10098419C /* nasser aliUITests.xctest */,
			);
			name = Products;
			sourceTree = "<group>";
		};
		7A1058082729389E0098419C /* nasser ali */ = {
			isa = PBXGroup;
			children = (
				7A1058092729389E0098419C /* AppDelegate.swift */,
				7A10580B2729389E0098419C /* SceneDelegate.swift */,
				7A10580D2729389E0098419C /* ViewController.swift */,
				7A10580F2729389E0098419C /* Main.storyboard */,
				7A105812272938A00098419C /* Assets.xcassets */,
				7A105814272938A00098419C /* LaunchScreen.storyboard */,
				7A105817272938A00098419C /* Info.plist */,
			);
			path = "nasser ali";
			sourceTree = "<group>";
		};
		7A10581F272938A10098419C /* nasser aliTests */ = {
			isa = PBXGroup;
			children = (
				7A105820272938A10098419C /* nasser_aliTests.swift */,
			);
			path = "nasser aliTests";
			sourceTree = "<group>";
		};
		7A105829272938A10098419C /* nasser aliUITests */ = {
			isa = PBXGroup;
			children = (
				7A10582A272938A10098419C /* nasser_aliUITests.swift */,
				7A10582C272938A10098419C /* nasser_aliUITestsLaunchTests.swift */,
			);
			path = "nasser aliUITests";
			sourceTree = "<group>";
		};
/* End PBXGroup section */

/* Begin PBXNativeTarget section */
		7A1058052729389E0098419C /* nasser ali */ = {
			isa = PBXNativeTarget;
			buildConfigurationList = 7A105830272938A10098419C /* Build configuration list for PBXNativeTarget "nasser ali" */;
			buildPhases = (
				7A1058022729389E0098419C /* Sources */,
				7A1058032729389E0098419C /* Frameworks */,
				7A1058042729389E0098419C /* Resources */,
			);
			buildRules = (
			);
			dependencies = (
			);
			name = "nasser ali";
			productName = "nasser ali";
			productReference = 7A1058062729389E0098419C /* nasser ali.app */;
			productType = "com.apple.product-type.application";
		};
		7A10581B272938A10098419C /* nasser aliTests */ = {
			isa = PBXNativeTarget;
			buildConfigurationList = 7A105833272938A10098419C /* Build configuration list for PBXNativeTarget "nasser aliTests" */;
			buildPhases = (
				7A105818272938A10098419C /* Sources */,
				7A105819272938A10098419C /* Frameworks */,
				7A10581A272938A10098419C /* Resources */,
			);
			buildRules = (
			);
			dependencies = (
				7A10581E272938A10098419C /* PBXTargetDependency */,
			);
			name = "nasser aliTests";
			productName = "nasser aliTests";
			productReference = 7A10581C272938A10098419C /* nasser aliTests.xctest */;
			productType = "com.apple.product-type.bundle.unit-test";
		};
		7A105825272938A10098419C /* nasser aliUITests */ = {
			isa = PBXNativeTarget;
			buildConfigurationList = 7A105836272938A10098419C /* Build configuration list for PBXNativeTarget "nasser aliUITests" */;
			buildPhases = (
				7A105822272938A10098419C /* Sources */,
				7A105823272938A10098419C /* Frameworks */,
				7A105824272938A10098419C /* Resources */,
			);
			buildRules = (
			);
			dependencies = (
				7A105828272938A10098419C /* PBXTargetDependency */,
			);
			name = "nasser aliUITests";
			productName = "nasser aliUITests";
			productReference = 7A105826272938A10098419C /* nasser aliUITests.xctest */;
			productType = "com.apple.product-type.bundle.ui-testing";
		};
/* End PBXNativeTarget section */

/* Begin PBXProject section */
		7A1057FE2729389E0098419C /* Project object */ = {
			isa = PBXProject;
			attributes = {
				BuildIndependentTargetsInParallel = 1;
				LastSwiftUpdateCheck = 1310;
				LastUpgradeCheck = 1310;
				TargetAttributes = {
					7A1058052729389E0098419C = {
						CreatedOnToolsVersion = 13.1;
					};
					7A10581B272938A10098419C = {
						CreatedOnToolsVersion = 13.1;
						TestTargetID = 7A1058052729389E0098419C;
					};
					7A105825272938A10098419C = {
						CreatedOnToolsVersion = 13.1;
						TestTargetID = 7A1058052729389E0098419C;
					};
				};
			};
			buildConfigurationList = 7A1058012729389E0098419C /* Build configuration list for PBXProject "nasser ali" */;
			compatibilityVersion = "Xcode 13.0";
			developmentRegion = en;
			hasScannedForEncodings = 0;
			knownRegions = (
				en,
				Base,
			);
			mainGroup = 7A1057FD2729389E0098419C;
			productRefGroup = 7A1058072729389E0098419C /* Products */;
			projectDirPath = "";
			projectRoot = "";
			targets = (
				7A1058052729389E0098419C /* nasser ali */,
				7A10581B272938A10098419C /* nasser aliTests */,
				7A105825272938A10098419C /* nasser aliUITests */,
			);
		};
/* End PBXProject section */

/* Begin PBXResourcesBuildPhase section */
		7A1058042729389E0098419C /* Resources */ = {
			isa = PBXResourcesBuildPhase;
			buildActionMask = 2147483647;
			files = (
				7A105816272938A00098419C /* LaunchScreen.storyboard in Resources */,
				7A105813272938A00098419C /* Assets.xcassets in Resources */,
				7A1058112729389E0098419C /* Main.storyboard in Resources */,
			);
			runOnlyForDeploymentPostprocessing = 0;
		};
		7A10581A272938A10098419C /* Resources */ = {
			isa = PBXResourcesBuildPhase;
			buildActionMask = 2147483647;
			files = (
			);
			runOnlyForDeploymentPostprocessing = 0;
		};
		7A105824272938A10098419C /* Resources */ = {
			isa = PBXResourcesBuildPhase;
			buildActionMask = 2147483647;
			files = (
			);
			runOnlyForDeploymentPostprocessing = 0;
		};
/* End PBXResourcesBuildPhase section */

/* Begin PBXSourcesBuildPhase section */
		7A1058022729389E0098419C /* Sources */ = {
			isa = PBXSourcesBuildPhase;
			buildActionMask = 2147483647;
			files = (
				7A10580E2729389E0098419C /* ViewController.swift in Sources */,
				7A10580A2729389E0098419C /* AppDelegate.swift in Sources */,
				7A10580C2729389E0098419C /* SceneDelegate.swift in Sources */,
			);
			runOnlyForDeploymentPostprocessing = 0;
		};
		7A105818272938A10098419C /* Sources */ = {
			isa = PBXSourcesBuildPhase;
			buildActionMask = 2147483647;
			files = (
				7A105821272938A10098419C /* nasser_aliTests.swift in Sources */,
			);
			runOnlyForDeploymentPostprocessing = 0;
		};
		7A105822272938A10098419C /* Sources */ = {
			isa = PBXSourcesBuildPhase;
			buildActionMask = 2147483647;
			files = (
				7A10582B272938A10098419C /* nasser_aliUITests.swift in Sources */,
				7A10582D272938A10098419C /* nasser_aliUITestsLaunchTests.swift in Sources */,
			);
			runOnlyForDeploymentPostprocessing = 0;
		};
/* End PBXSourcesBuildPhase section */

/* Begin PBXTargetDependency section */
		7A10581E272938A10098419C /* PBXTargetDependency */ = {
			isa = PBXTargetDependency;
			target = 7A1058052729389E0098419C /* nasser ali */;
			targetProxy = 7A10581D272938A10098419C /* PBXContainerItemProxy */;
		};
		7A105828272938A10098419C /* PBXTargetDependency */ = {
			isa = PBXTargetDependency;
			target = 7A1058052729389E0098419C /* nasser ali */;
			targetProxy = 7A105827272938A10098419C /* PBXContainerItemProxy */;
		};
/* End PBXTargetDependency section */

/* Begin PBXVariantGroup section */
		7A10580F2729389E0098419C /* Main.storyboard */ = {
			isa = PBXVariantGroup;
			children = (
				7A1058102729389E0098419C /* Base */,
			);
			name = Main.storyboard;
			sourceTree = "<group>";
		};
		7A105814272938A00098419C /* LaunchScreen.storyboard */ = {
			isa = PBXVariantGroup;
			children = (
				7A105815272938A00098419C /* Base */,
			);
			name = LaunchScreen.storyboard;
			sourceTree = "<group>";
		};
/* End PBXVariantGroup section */

/* Begin XCBuildConfiguration section */
		7A10582E272938A10098419C /* Debug */ = {
			isa = XCBuildConfiguration;
			buildSettings = {
				ALWAYS_SEARCH_USER_PATHS = NO;
				CLANG_ANALYZER_NONNULL = YES;
				CLANG_ANALYZER_NUMBER_OBJECT_CONVERSION = YES_AGGRESSIVE;
				CLANG_CXX_LANGUAGE_STANDARD = "gnu++17";
				CLANG_CXX_LIBRARY = "libc++";
				CLANG_ENABLE_MODULES = YES;
				CLANG_ENABLE_OBJC_ARC = YES;
				CLANG_ENABLE_OBJC_WEAK = YES;
				CLANG_WARN_BLOCK_CAPTURE_AUTORELEASING = YES;
				CLANG_WARN_BOOL_CONVERSION = YES;
				CLANG_WARN_COMMA = YES;
				CLANG_WARN_CONSTANT_CONVERSION = YES;
				CLANG_WARN_DEPRECATED_OBJC_IMPLEMENTATIONS = YES;
				CLANG_WARN_DIRECT_OBJC_ISA_USAGE = YES_ERROR;
				CLANG_WARN_DOCUMENTATION_COMMENTS = YES;
				CLANG_WARN_EMPTY_BODY = YES;
				CLANG_WARN_ENUM_CONVERSION = YES;
				CLANG_WARN_INFINITE_RECURSION = YES;
				CLANG_WARN_INT_CONVERSION = YES;
				CLANG_WARN_NON_LITERAL_NULL_CONVERSION = YES;
				CLANG_WARN_OBJC_IMPLICIT_RETAIN_SELF = YES;
				CLANG_WARN_OBJC_LITERAL_CONVERSION = YES;
				CLANG_WARN_OBJC_ROOT_CLASS = YES_ERROR;
				CLANG_WARN_QUOTED_INCLUDE_IN_FRAMEWORK_HEADER = YES;
				CLANG_WARN_RANGE_LOOP_ANALYSIS = YES;
				CLANG_WARN_STRICT_PROTOTYPES = YES;
				CLANG_WARN_SUSPICIOUS_MOVE = YES;
				CLANG_WARN_UNGUARDED_AVAILABILITY = YES_AGGRESSIVE;
				CLANG_WARN_UNREACHABLE_CODE = YES;
				CLANG_WARN__DUPLICATE_METHOD_MATCH = YES;
				COPY_PHASE_STRIP = NO;
				DEBUG_INFORMATION_FORMAT = dwarf;
				ENABLE_STRICT_OBJC_MSGSEND = YES;
				ENABLE_TESTABILITY = YES;
				GCC_C_LANGUAGE_STANDARD = gnu11;
				GCC_DYNAMIC_NO_PIC = NO;
				GCC_NO_COMMON_BLOCKS = YES;
				GCC_OPTIMIZATION_LEVEL = 0;
				GCC_PREPROCESSOR_DEFINITIONS = (
					"DEBUG=1",
					"$(inherited)",
				);
				GCC_WARN_64_TO_32_BIT_CONVERSION = YES;
				GCC_WARN_ABOUT_RETURN_TYPE = YES_ERROR;
				GCC_WARN_UNDECLARED_SELECTOR = YES;
				GCC_WARN_UNINITIALIZED_AUTOS = YES_AGGRESSIVE;
				GCC_WARN_UNUSED_FUNCTION = YES;
				GCC_WARN_UNUSED_VARIABLE = YES;
				IPHONEOS_DEPLOYMENT_TARGET = 15.0;
				MTL_ENABLE_DEBUG_INFO = INCLUDE_SOURCE;
				MTL_FAST_MATH = YES;
				ONLY_ACTIVE_ARCH = YES;
				SDKROOT = iphoneos;
				SWIFT_ACTIVE_COMPILATION_CONDITIONS = DEBUG;
				SWIFT_OPTIMIZATION_LEVEL = "-Onone";
			};
			name = Debug;
		};
		7A10582F272938A10098419C /* Release */ = {
			isa = XCBuildConfiguration;
			buildSettings = {
				ALWAYS_SEARCH_USER_PATHS = NO;
				CLANG_ANALYZER_NONNULL = YES;
				CLANG_ANALYZER_NUMBER_OBJECT_CONVERSION = YES_AGGRESSIVE;
				CLANG_CXX_LANGUAGE_STANDARD = "gnu++17";
				CLANG_CXX_LIBRARY = "libc++";
				CLANG_ENABLE_MODULES = YES;
				CLANG_ENABLE_OBJC_ARC = YES;
				CLANG_ENABLE_OBJC_WEAK = YES;
				CLANG_WARN_BLOCK_CAPTURE_AUTORELEASING = YES;
				CLANG_WARN_BOOL_CONVERSION = YES;
				CLANG_WARN_COMMA = YES;
				CLANG_WARN_CONSTANT_CONVERSION = YES;
				CLANG_WARN_DEPRECATED_OBJC_IMPLEMENTATIONS = YES;
				CLANG_WARN_DIRECT_OBJC_ISA_USAGE = YES_ERROR;
				CLANG_WARN_DOCUMENTATION_COMMENTS = YES;
				CLANG_WARN_EMPTY_BODY = YES;
				CLANG_WARN_ENUM_CONVERSION = YES;
				CLANG_WARN_INFINITE_RECURSION = YES;
				CLANG_WARN_INT_CONVERSION = YES;
				CLANG_WARN_NON_LITERAL_NULL_CONVERSION = YES;
				CLANG_WARN_OBJC_IMPLICIT_RETAIN_SELF = YES;
				CLANG_WARN_OBJC_LITERAL_CONVERSION = YES;
				CLANG_WARN_OBJC_ROOT_CLASS = YES_ERROR;
				CLANG_WARN_QUOTED_INCLUDE_IN_FRAMEWORK_HEADER = YES;
				CLANG_WARN_RANGE_LOOP_ANALYSIS = YES;
				CLANG_WARN_STRICT_PROTOTYPES = YES;
				CLANG_WARN_SUSPICIOUS_MOVE = YES;
				CLANG_WARN_UNGUARDED_AVAILABILITY = YES_AGGRESSIVE;
				CLANG_WARN_UNREACHABLE_CODE = YES;
				CLANG_WARN__DUPLICATE_METHOD_MATCH = YES;
				COPY_PHASE_STRIP = NO;
				DEBUG_INFORMATION_FORMAT = "dwarf-with-dsym";
				ENABLE_NS_ASSERTIONS = NO;
				ENABLE_STRICT_OBJC_MSGSEND = YES;
				GCC_C_LANGUAGE_STANDARD = gnu11;
				GCC_NO_COMMON_BLOCKS = YES;
				GCC_WARN_64_TO_32_BIT_CONVERSION = YES;
				GCC_WARN_ABOUT_RETURN_TYPE = YES_ERROR;
				GCC_WARN_UNDECLARED_SELECTOR = YES;
				GCC_WARN_UNINITIALIZED_AUTOS = YES_AGGRESSIVE;
				GCC_WARN_UNUSED_FUNCTION = YES;
				GCC_WARN_UNUSED_VARIABLE = YES;
				IPHONEOS_DEPLOYMENT_TARGET = 15.0;
				MTL_ENABLE_DEBUG_INFO = NO;
				MTL_FAST_MATH = YES;
				SDKROOT = iphoneos;
				SWIFT_COMPILATION_MODE = wholemodule;
				SWIFT_OPTIMIZATION_LEVEL = "-O";
				VALIDATE_PRODUCT = YES;
			};
			name = Release;
		};
		7A105831272938A10098419C /* Debug */ = {
			isa = XCBuildConfiguration;
			buildSettings = {
				ASSETCATALOG_COMPILER_APPICON_NAME = AppIcon;
				ASSETCATALOG_COMPILER_GLOBAL_ACCENT_COLOR_NAME = AccentColor;
				CODE_SIGN_STYLE = Automatic;
				CURRENT_PROJECT_VERSION = 1;
				DEVELOPMENT_TEAM = NR83J734B6;
				GENERATE_INFOPLIST_FILE = YES;
				INFOPLIST_FILE = "nasser ali/Info.plist";
				INFOPLIST_KEY_UIApplicationSupportsIndirectInputEvents = YES;
				INFOPLIST_KEY_UILaunchStoryboardName = LaunchScreen;
				INFOPLIST_KEY_UIMainStoryboardFile = Main;
				INFOPLIST_KEY_UISupportedInterfaceOrientations_iPad = "UIInterfaceOrientationPortrait UIInterfaceOrientationPortraitUpsideDown UIInterfaceOrientationLandscapeLeft UIInterfaceOrientationLandscapeRight";
				INFOPLIST_KEY_UISupportedInterfaceOrientations_iPhone = "UIInterfaceOrientationPortrait UIInterfaceOrientationLandscapeLeft UIInterfaceOrientationLandscapeRight";
				LD_RUNPATH_SEARCH_PATHS = (
					"$(inherited)",
					"@executable_path/Frameworks",
				);
				MARKETING_VERSION = 1.0;
				PRODUCT_BUNDLE_IDENTIFIER = "n.aseri.nasser-ali";
				PRODUCT_NAME = "$(TARGET_NAME)";
				SWIFT_EMIT_LOC_STRINGS = YES;
				SWIFT_VERSION = 5.0;
				TARGETED_DEVICE_FAMILY = "1,2";
			};
			name = Debug;
		};
		7A105832272938A10098419C /* Release */ = {
			isa = XCBuildConfiguration;
			buildSettings = {
				ASSETCATALOG_COMPILER_APPICON_NAME = AppIcon;
				ASSETCATALOG_COMPILER_GLOBAL_ACCENT_COLOR_NAME = AccentColor;
				CODE_SIGN_STYLE = Automatic;
				CURRENT_PROJECT_VERSION = 1;
				DEVELOPMENT_TEAM = NR83J734B6;
				GENERATE_INFOPLIST_FILE = YES;
				INFOPLIST_FILE = "nasser ali/Info.plist";
				INFOPLIST_KEY_UIApplicationSupportsIndirectInputEvents = YES;
				INFOPLIST_KEY_UILaunchStoryboardName = LaunchScreen;
				INFOPLIST_KEY_UIMainStoryboardFile = Main;
				INFOPLIST_KEY_UISupportedInterfaceOrientations_iPad = "UIInterfaceOrientationPortrait UIInterfaceOrientationPortraitUpsideDown UIInterfaceOrientationLandscapeLeft UIInterfaceOrientationLandscapeRight";
				INFOPLIST_KEY_UISupportedInterfaceOrientations_iPhone = "UIInterfaceOrientationPortrait UIInterfaceOrientationLandscapeLeft UIInterfaceOrientationLandscapeRight";
				LD_RUNPATH_SEARCH_PATHS = (
					"$(inherited)",
					"@executable_path/Frameworks",
				);
				MARKETING_VERSION = 1.0;
				PRODUCT_BUNDLE_IDENTIFIER = "n.aseri.nasser-ali";
				PRODUCT_NAME = "$(TARGET_NAME)";
				SWIFT_EMIT_LOC_STRINGS = YES;
				SWIFT_VERSION = 5.0;
				TARGETED_DEVICE_FAMILY = "1,2";
			};
			name = Release;
		};
		7A105834272938A10098419C /* Debug */ = {
			isa = XCBuildConfiguration;
			buildSettings = {
				ALWAYS_EMBED_SWIFT_STANDARD_LIBRARIES = YES;
				BUNDLE_LOADER = "$(TEST_HOST)";
				CODE_SIGN_STYLE = Automatic;
				CURRENT_PROJECT_VERSION = 1;
				DEVELOPMENT_TEAM = NR83J734B6;
				GENERATE_INFOPLIST_FILE = YES;
				IPHONEOS_DEPLOYMENT_TARGET = 15.0;
				LD_RUNPATH_SEARCH_PATHS = (
					"$(inherited)",
					"@executable_path/Frameworks",
					"@loader_path/Frameworks",
				);
				MARKETING_VERSION = 1.0;
				PRODUCT_BUNDLE_IDENTIFIER = "n.aseri.nasser-aliTests";
				PRODUCT_NAME = "$(TARGET_NAME)";
				SWIFT_EMIT_LOC_STRINGS = NO;
				SWIFT_VERSION = 5.0;
				TARGETED_DEVICE_FAMILY = "1,2";
				TEST_HOST = "$(BUILT_PRODUCTS_DIR)/nasser ali.app/nasser ali";
			};
			name = Debug;
		};
		7A105835272938A10098419C /* Release */ = {
			isa = XCBuildConfiguration;
			buildSettings = {
				ALWAYS_EMBED_SWIFT_STANDARD_LIBRARIES = YES;
				BUNDLE_LOADER = "$(TEST_HOST)";
				CODE_SIGN_STYLE = Automatic;
				CURRENT_PROJECT_VERSION = 1;
				DEVELOPMENT_TEAM = NR83J734B6;
				GENERATE_INFOPLIST_FILE = YES;
				IPHONEOS_DEPLOYMENT_TARGET = 15.0;
				LD_RUNPATH_SEARCH_PATHS = (
					"$(inherited)",
					"@executable_path/Frameworks",
					"@loader_path/Frameworks",
				);
				MARKETING_VERSION = 1.0;
				PRODUCT_BUNDLE_IDENTIFIER = "n.aseri.nasser-aliTests";
				PRODUCT_NAME = "$(TARGET_NAME)";
				SWIFT_EMIT_LOC_STRINGS = NO;
				SWIFT_VERSION = 5.0;
				TARGETED_DEVICE_FAMILY = "1,2";
				TEST_HOST = "$(BUILT_PRODUCTS_DIR)/nasser ali.app/nasser ali";
			};
			name = Release;
		};
		7A105837272938A10098419C /* Debug */ = {
			isa = XCBuildConfiguration;
			buildSettings = {
				ALWAYS_EMBED_SWIFT_STANDARD_LIBRARIES = YES;
				CODE_SIGN_STYLE = Automatic;
				CURRENT_PROJECT_VERSION = 1;
				DEVELOPMENT_TEAM = NR83J734B6;
				GENERATE_INFOPLIST_FILE = YES;
				LD_RUNPATH_SEARCH_PATHS = (
					"$(inherited)",
					"@executable_path/Frameworks",
					"@loader_path/Frameworks",
				);
				MARKETING_VERSION = 1.0;
				PRODUCT_BUNDLE_IDENTIFIER = "n.aseri.nasser-aliUITests";
				PRODUCT_NAME = "$(TARGET_NAME)";
				SWIFT_EMIT_LOC_STRINGS = NO;
				SWIFT_VERSION = 5.0;
				TARGETED_DEVICE_FAMILY = "1,2";
				TEST_TARGET_NAME = "nasser ali";
			};
			name = Debug;
		};
		7A105838272938A10098419C /* Release */ = {
			isa = XCBuildConfiguration;
			buildSettings = {
				ALWAYS_EMBED_SWIFT_STANDARD_LIBRARIES = YES;
				CODE_SIGN_STYLE = Automatic;
				CURRENT_PROJECT_VERSION = 1;
				DEVELOPMENT_TEAM = NR83J734B6;
				GENERATE_INFOPLIST_FILE = YES;
				LD_RUNPATH_SEARCH_PATHS = (
					"$(inherited)",
					"@executable_path/Frameworks",
					"@loader_path/Frameworks",
				);
				MARKETING_VERSION = 1.0;
				PRODUCT_BUNDLE_IDENTIFIER = "n.aseri.nasser-aliUITests";
				PRODUCT_NAME = "$(TARGET_NAME)";
				SWIFT_EMIT_LOC_STRINGS = NO;
				SWIFT_VERSION = 5.0;
				TARGETED_DEVICE_FAMILY = "1,2";
				TEST_TARGET_NAME = "nasser ali";
			};
			name = Release;
		};
/* End XCBuildConfiguration section */

/* Begin XCConfigurationList section */
		7A1058012729389E0098419C /* Build configuration list for PBXProject "nasser ali" */ = {
			isa = XCConfigurationList;
			buildConfigurations = (
				7A10582E272938A10098419C /* Debug */,
				7A10582F272938A10098419C /* Release */,
			);
			defaultConfigurationIsVisible = 0;
			defaultConfigurationName = Release;
		};
		7A105830272938A10098419C /* Build configuration list for PBXNativeTarget "nasser ali" */ = {
			isa = XCConfigurationList;
			buildConfigurations = (
				7A105831272938A10098419C /* Debug */,
				7A105832272938A10098419C /* Release */,
			);
			defaultConfigurationIsVisible = 0;
			defaultConfigurationName = Release;
		};
		7A105833272938A10098419C /* Build configuration list for PBXNativeTarget "nasser aliTests" */ = {
			isa = XCConfigurationList;
			buildConfigurations = (
				7A105834272938A10098419C /* Debug */,
				7A105835272938A10098419C /* Release */,
			);
			defaultConfigurationIsVisible = 0;
			defaultConfigurationName = Release;
		};
		7A105836272938A10098419C /* Build configuration list for PBXNativeTarget "nasser aliUITests" */ = {
			isa = XCConfigurationList;
			buildConfigurations = (
				7A105837272938A10098419C /* Debug */,
				7A105838272938A10098419C /* Release */,
			);
			defaultConfigurationIsVisible = 0;
			defaultConfigurationName = Release;
		};
/* End XCConfigurationList section */
	};
	rootObject = 7A1057FE2729389E0098419C /* Project object */;
}
